// !$*UTF8*$!
{
	archiveVersion = 1;
	classes = {
	};
	objectVersion = 77;
	objects = {

/* Begin PBXBuildFile section */
		D0F40A2A2E37E72F00EC8B27 /* FirebaseAI in Frameworks */ = {isa = PBXBuildFile; productRef = D0F40A292E37E72F00EC8B27 /* FirebaseAI */; };
		D0F40A2C2E37E72F00EC8B27 /* FirebaseAnalytics in Frameworks */ = {isa = PBXBuildFile; productRef = D0F40A2B2E37E72F00EC8B27 /* FirebaseAnalytics */; };
		D0F40A2E2E37E72F00EC8B27 /* FirebaseAnalyticsCore in Frameworks */ = {isa = PBXBuildFile; productRef = D0F40A2D2E37E72F00EC8B27 /* FirebaseAnalyticsCore */; };
		D0F40A302E37E72F00EC8B27 /* FirebaseAppCheck in Frameworks */ = {isa = PBXBuildFile; productRef = D0F40A2F2E37E72F00EC8B27 /* FirebaseAppCheck */; };
		D0F40A322E37E72F00EC8B27 /* FirebaseAppDistribution-Beta in Frameworks */ = {isa = PBXBuildFile; productRef = D0F40A312E37E72F00EC8B27 /* FirebaseAppDistribution-Beta */; };
		D0F40A342E37E72F00EC8B27 /* FirebaseAuth in Frameworks */ = {isa = PBXBuildFile; productRef = D0F40A332E37E72F00EC8B27 /* FirebaseAuth */; };
		D0F40A362E37E72F00EC8B27 /* FirebaseAuthCombine-Community in Frameworks */ = {isa = PBXBuildFile; productRef = D0F40A352E37E72F00EC8B27 /* FirebaseAuthCombine-Community */; };
		D0F40A382E37E72F00EC8B27 /* FirebaseCore in Frameworks */ = {isa = PBXBuildFile; productRef = D0F40A372E37E72F00EC8B27 /* FirebaseCore */; };
		D0F40A3A2E37E72F00EC8B27 /* FirebaseDatabase in Frameworks */ = {isa = PBXBuildFile; productRef = D0F40A392E37E72F00EC8B27 /* FirebaseDatabase */; };
		D0F40A3C2E37E72F00EC8B27 /* FirebaseFirestore in Frameworks */ = {isa = PBXBuildFile; productRef = D0F40A3B2E37E72F00EC8B27 /* FirebaseFirestore */; };
		D0F40A3E2E37E72F00EC8B27 /* FirebaseFirestoreCombine-Community in Frameworks */ = {isa = PBXBuildFile; productRef = D0F40A3D2E37E72F00EC8B27 /* FirebaseFirestoreCombine-Community */; };
		D0F40A402E37E72F00EC8B27 /* FirebaseFunctions in Frameworks */ = {isa = PBXBuildFile; productRef = D0F40A3F2E37E72F00EC8B27 /* FirebaseFunctions */; };
		D0F40A422E37E72F00EC8B27 /* FirebaseFunctionsCombine-Community in Frameworks */ = {isa = PBXBuildFile; productRef = D0F40A412E37E72F00EC8B27 /* FirebaseFunctionsCombine-Community */; };
		D0F40A442E37E72F00EC8B27 /* FirebaseInstallations in Frameworks */ = {isa = PBXBuildFile; productRef = D0F40A432E37E72F00EC8B27 /* FirebaseInstallations */; };
		D0F40A462E37E72F00EC8B27 /* FirebasePerformance in Frameworks */ = {isa = PBXBuildFile; productRef = D0F40A452E37E72F00EC8B27 /* FirebasePerformance */; };
		D0F40A482E37E72F00EC8B27 /* FirebaseStorage in Frameworks */ = {isa = PBXBuildFile; productRef = D0F40A472E37E72F00EC8B27 /* FirebaseStorage */; };
		D0F40A4A2E37E72F00EC8B27 /* FirebaseStorageCombine-Community in Frameworks */ = {isa = PBXBuildFile; productRef = D0F40A492E37E72F00EC8B27 /* FirebaseStorageCombine-Community */; };
		D0F40ADA2E38416200EC8B27 /* FirebaseCrashlytics in Frameworks */ = {isa = PBXBuildFile; productRef = D0F40AD92E38416200EC8B27 /* FirebaseCrashlytics */; };
/* End PBXBuildFile section */

/* Begin PBXContainerItemProxy section */
		D0F409E12E37E25200EC8B27 /* PBXContainerItemProxy */ = {
			isa = PBXContainerItemProxy;
			containerPortal = D0F409CB2E37E25100EC8B27 /* Project object */;
			proxyType = 1;
			remoteGlobalIDString = D0F409D22E37E25100EC8B27;
			remoteInfo = MediStock;
		};
		D0F409EB2E37E25200EC8B27 /* PBXContainerItemProxy */ = {
			isa = PBXContainerItemProxy;
			containerPortal = D0F409CB2E37E25100EC8B27 /* Project object */;
			proxyType = 1;
			remoteGlobalIDString = D0F409D22E37E25100EC8B27;
			remoteInfo = MediStock;
		};
/* End PBXContainerItemProxy section */

/* Begin PBXFileReference section */
		D0F409D32E37E25100EC8B27 /* MediStock.app */ = {isa = PBXFileReference; explicitFileType = wrapper.application; includeInIndex = 0; path = MediStock.app; sourceTree = BUILT_PRODUCTS_DIR; };
		D0F409E02E37E25200EC8B27 /* MediStockTests.xctest */ = {isa = PBXFileReference; explicitFileType = wrapper.cfbundle; includeInIndex = 0; path = MediStockTests.xctest; sourceTree = BUILT_PRODUCTS_DIR; };
		D0F409EA2E37E25200EC8B27 /* MediStockUITests.xctest */ = {isa = PBXFileReference; explicitFileType = wrapper.cfbundle; includeInIndex = 0; path = MediStockUITests.xctest; sourceTree = BUILT_PRODUCTS_DIR; };
/* End PBXFileReference section */

/* Begin PBXFileSystemSynchronizedRootGroup section */
		D0F409D52E37E25100EC8B27 /* MediStock */ = {
			isa = PBXFileSystemSynchronizedRootGroup;
			path = MediStock;
			sourceTree = "<group>";
		};
		D0F409E32E37E25200EC8B27 /* MediStockTests */ = {
			isa = PBXFileSystemSynchronizedRootGroup;
			path = MediStockTests;
			sourceTree = "<group>";
		};
/* End PBXFileSystemSynchronizedRootGroup section */

/* Begin PBXFrameworksBuildPhase section */
		D0F409D02E37E25100EC8B27 /* Frameworks */ = {
			isa = PBXFrameworksBuildPhase;
			buildActionMask = 2147483647;
			files = (
				D0F40A302E37E72F00EC8B27 /* FirebaseAppCheck in Frameworks */,
				D0F40A442E37E72F00EC8B27 /* FirebaseInstallations in Frameworks */,
				D0F40A462E37E72F00EC8B27 /* FirebasePerformance in Frameworks */,
				D0F40A342E37E72F00EC8B27 /* FirebaseAuth in Frameworks */,
				D0F40A2C2E37E72F00EC8B27 /* FirebaseAnalytics in Frameworks */,
				D0F40A482E37E72F00EC8B27 /* FirebaseStorage in Frameworks */,
				D0F40A4A2E37E72F00EC8B27 /* FirebaseStorageCombine-Community in Frameworks */,
				D0F40A402E37E72F00EC8B27 /* FirebaseFunctions in Frameworks */,
				D0F40A3C2E37E72F00EC8B27 /* FirebaseFirestore in Frameworks */,
				D0F40A322E37E72F00EC8B27 /* FirebaseAppDistribution-Beta in Frameworks */,
				D0F40A3E2E37E72F00EC8B27 /* FirebaseFirestoreCombine-Community in Frameworks */,
				D0F40A2E2E37E72F00EC8B27 /* FirebaseAnalyticsCore in Frameworks */,
				D0F40A422E37E72F00EC8B27 /* FirebaseFunctionsCombine-Community in Frameworks */,
				D0F40A362E37E72F00EC8B27 /* FirebaseAuthCombine-Community in Frameworks */,
				D0F40A3A2E37E72F00EC8B27 /* FirebaseDatabase in Frameworks */,
				D0F40ADA2E38416200EC8B27 /* FirebaseCrashlytics in Frameworks */,
				D0F40A382E37E72F00EC8B27 /* FirebaseCore in Frameworks */,
				D0F40A2A2E37E72F00EC8B27 /* FirebaseAI in Frameworks */,
			);
			runOnlyForDeploymentPostprocessing = 0;
		};
		D0F409DD2E37E25200EC8B27 /* Frameworks */ = {
			isa = PBXFrameworksBuildPhase;
			buildActionMask = 2147483647;
			files = (
			);
			runOnlyForDeploymentPostprocessing = 0;
		};
		D0F409E72E37E25200EC8B27 /* Frameworks */ = {
			isa = PBXFrameworksBuildPhase;
			buildActionMask = 2147483647;
			files = (
			);
			runOnlyForDeploymentPostprocessing = 0;
		};
/* End PBXFrameworksBuildPhase section */

/* Begin PBXGroup section */
		D0F409CA2E37E25100EC8B27 = {
			isa = PBXGroup;
			children = (
				D0F409D52E37E25100EC8B27 /* MediStock */,
				D0F409E32E37E25200EC8B27 /* MediStockTests */,
				D0F409D42E37E25100EC8B27 /* Products */,
			);
			sourceTree = "<group>";
		};
		D0F409D42E37E25100EC8B27 /* Products */ = {
			isa = PBXGroup;
			children = (
				D0F409D32E37E25100EC8B27 /* MediStock.app */,
				D0F409E02E37E25200EC8B27 /* MediStockTests.xctest */,
				D0F409EA2E37E25200EC8B27 /* MediStockUITests.xctest */,
			);
			name = Products;
			sourceTree = "<group>";
		};
/* End PBXGroup section */

/* Begin PBXNativeTarget section */
		D0F409D22E37E25100EC8B27 /* MediStock */ = {
			isa = PBXNativeTarget;
			buildConfigurationList = D0F409F42E37E25200EC8B27 /* Build configuration list for PBXNativeTarget "MediStock" */;
			buildPhases = (
				D0F409CF2E37E25100EC8B27 /* Sources */,
				D0F409D02E37E25100EC8B27 /* Frameworks */,
				D0F409D12E37E25100EC8B27 /* Resources */,
			);
			buildRules = (
			);
			dependencies = (
			);
			fileSystemSynchronizedGroups = (
				D0F409D52E37E25100EC8B27 /* MediStock */,
			);
			name = MediStock;
			packageProductDependencies = (
				D0F40A292E37E72F00EC8B27 /* FirebaseAI */,
				D0F40A2B2E37E72F00EC8B27 /* FirebaseAnalytics */,
				D0F40A2D2E37E72F00EC8B27 /* FirebaseAnalyticsCore */,
				D0F40A2F2E37E72F00EC8B27 /* FirebaseAppCheck */,
				D0F40A312E37E72F00EC8B27 /* FirebaseAppDistribution-Beta */,
				D0F40A332E37E72F00EC8B27 /* FirebaseAuth */,
				D0F40A352E37E72F00EC8B27 /* FirebaseAuthCombine-Community */,
				D0F40A372E37E72F00EC8B27 /* FirebaseCore */,
				D0F40A392E37E72F00EC8B27 /* FirebaseDatabase */,
				D0F40A3B2E37E72F00EC8B27 /* FirebaseFirestore */,
				D0F40A3D2E37E72F00EC8B27 /* FirebaseFirestoreCombine-Community */,
				D0F40A3F2E37E72F00EC8B27 /* FirebaseFunctions */,
				D0F40A412E37E72F00EC8B27 /* FirebaseFunctionsCombine-Community */,
				D0F40A432E37E72F00EC8B27 /* FirebaseInstallations */,
				D0F40A452E37E72F00EC8B27 /* FirebasePerformance */,
				D0F40A472E37E72F00EC8B27 /* FirebaseStorage */,
				D0F40A492E37E72F00EC8B27 /* FirebaseStorageCombine-Community */,
				D0F40AD92E38416200EC8B27 /* FirebaseCrashlytics */,
			);
			productName = MediStock;
			productReference = D0F409D32E37E25100EC8B27 /* MediStock.app */;
			productType = "com.apple.product-type.application";
		};
		D0F409DF2E37E25200EC8B27 /* MediStockTests */ = {
			isa = PBXNativeTarget;
			buildConfigurationList = D0F409F72E37E25200EC8B27 /* Build configuration list for PBXNativeTarget "MediStockTests" */;
			buildPhases = (
				D0F409DC2E37E25200EC8B27 /* Sources */,
				D0F409DD2E37E25200EC8B27 /* Frameworks */,
				D0F409DE2E37E25200EC8B27 /* Resources */,
			);
			buildRules = (
			);
			dependencies = (
				D0F409E22E37E25200EC8B27 /* PBXTargetDependency */,
			);
			fileSystemSynchronizedGroups = (
				D0F409E32E37E25200EC8B27 /* MediStockTests */,
			);
			name = MediStockTests;
			packageProductDependencies = (
			);
			productName = MediStockTests;
			productReference = D0F409E02E37E25200EC8B27 /* MediStockTests.xctest */;
			productType = "com.apple.product-type.bundle.unit-test";
		};
		D0F409E92E37E25200EC8B27 /* MediStockUITests */ = {
			isa = PBXNativeTarget;
			buildConfigurationList = D0F409FA2E37E25200EC8B27 /* Build configuration list for PBXNativeTarget "MediStockUITests" */;
			buildPhases = (
				D0F409E62E37E25200EC8B27 /* Sources */,
				D0F409E72E37E25200EC8B27 /* Frameworks */,
				D0F409E82E37E25200EC8B27 /* Resources */,
			);
			buildRules = (
			);
			dependencies = (
				D0F409EC2E37E25200EC8B27 /* PBXTargetDependency */,
			);
			name = MediStockUITests;
			packageProductDependencies = (
			);
			productName = MediStockUITests;
			productReference = D0F409EA2E37E25200EC8B27 /* MediStockUITests.xctest */;
			productType = "com.apple.product-type.bundle.ui-testing";
		};
/* End PBXNativeTarget section */

/* Begin PBXProject section */
		D0F409CB2E37E25100EC8B27 /* Project object */ = {
			isa = PBXProject;
			attributes = {
				BuildIndependentTargetsInParallel = 1;
				LastSwiftUpdateCheck = 1640;
				LastUpgradeCheck = 1640;
				TargetAttributes = {
					D0F409D22E37E25100EC8B27 = {
						CreatedOnToolsVersion = 16.4;
					};
					D0F409DF2E37E25200EC8B27 = {
						CreatedOnToolsVersion = 16.4;
						TestTargetID = D0F409D22E37E25100EC8B27;
					};
					D0F409E92E37E25200EC8B27 = {
						CreatedOnToolsVersion = 16.4;
						TestTargetID = D0F409D22E37E25100EC8B27;
					};
				};
			};
			buildConfigurationList = D0F409CE2E37E25100EC8B27 /* Build configuration list for PBXProject "MediStock" */;
			developmentRegion = en;
			hasScannedForEncodings = 0;
			knownRegions = (
				en,
				Base,
			);
			mainGroup = D0F409CA2E37E25100EC8B27;
			minimizedProjectReferenceProxies = 1;
			packageReferences = (
				D0F40A282E37E72F00EC8B27 /* XCRemoteSwiftPackageReference "firebase-ios-sdk" */,
			);
			preferredProjectObjectVersion = 77;
			productRefGroup = D0F409D42E37E25100EC8B27 /* Products */;
			projectDirPath = "";
			projectRoot = "";
			targets = (
				D0F409D22E37E25100EC8B27 /* MediStock */,
				D0F409DF2E37E25200EC8B27 /* MediStockTests */,
				D0F409E92E37E25200EC8B27 /* MediStockUITests */,
			);
		};
/* End PBXProject section */

/* Begin PBXResourcesBuildPhase section */
		D0F409D12E37E25100EC8B27 /* Resources */ = {
			isa = PBXResourcesBuildPhase;
			buildActionMask = 2147483647;
			files = (
			);
			runOnlyForDeploymentPostprocessing = 0;
		};
		D0F409DE2E37E25200EC8B27 /* Resources */ = {
			isa = PBXResourcesBuildPhase;
			buildActionMask = 2147483647;
			files = (
			);
			runOnlyForDeploymentPostprocessing = 0;
		};
		D0F409E82E37E25200EC8B27 /* Resources */ = {
			isa = PBXResourcesBuildPhase;
			buildActionMask = 2147483647;
			files = (
			);
			runOnlyForDeploymentPostprocessing = 0;
		};
/* End PBXResourcesBuildPhase section */

/* Begin PBXSourcesBuildPhase section */
		D0F409CF2E37E25100EC8B27 /* Sources */ = {
			isa = PBXSourcesBuildPhase;
			buildActionMask = 2147483647;
			files = (
			);
			runOnlyForDeploymentPostprocessing = 0;
		};
		D0F409DC2E37E25200EC8B27 /* Sources */ = {
			isa = PBXSourcesBuildPhase;
			buildActionMask = 2147483647;
			files = (
			);
			runOnlyForDeploymentPostprocessing = 0;
		};
		D0F409E62E37E25200EC8B27 /* Sources */ = {
			isa = PBXSourcesBuildPhase;
			buildActionMask = 2147483647;
			files = (
			);
			runOnlyForDeploymentPostprocessing = 0;
		};
/* End PBXSourcesBuildPhase section */

/* Begin PBXTargetDependency section */
		D0F409E22E37E25200EC8B27 /* PBXTargetDependency */ = {
			isa = PBXTargetDependency;
			target = D0F409D22E37E25100EC8B27 /* MediStock */;
			targetProxy = D0F409E12E37E25200EC8B27 /* PBXContainerItemProxy */;
		};
		D0F409EC2E37E25200EC8B27 /* PBXTargetDependency */ = {
			isa = PBXTargetDependency;
			target = D0F409D22E37E25100EC8B27 /* MediStock */;
			targetProxy = D0F409EB2E37E25200EC8B27 /* PBXContainerItemProxy */;
		};
/* End PBXTargetDependency section */

/* Begin XCBuildConfiguration section */
		D0F409F22E37E25200EC8B27 /* Debug */ = {
			isa = XCBuildConfiguration;
			buildSettings = {
				ALWAYS_SEARCH_USER_PATHS = NO;
				ASSETCATALOG_COMPILER_GENERATE_SWIFT_ASSET_SYMBOL_EXTENSIONS = YES;
				CLANG_ANALYZER_NONNULL = YES;
				CLANG_ANALYZER_NUMBER_OBJECT_CONVERSION = YES_AGGRESSIVE;
				CLANG_CXX_LANGUAGE_STANDARD = "gnu++20";
				CLANG_ENABLE_MODULES = YES;
				CLANG_ENABLE_OBJC_ARC = YES;
				CLANG_ENABLE_OBJC_WEAK = YES;
				CLANG_WARN_BLOCK_CAPTURE_AUTORELEASING = YES;
				CLANG_WARN_BOOL_CONVERSION = YES;
				CLANG_WARN_COMMA = YES;
				CLANG_WARN_CONSTANT_CONVERSION = YES;
				CLANG_WARN_DEPRECATED_OBJC_IMPLEMENTATIONS = YES;
				CLANG_WARN_DIRECT_OBJC_ISA_USAGE = YES_ERROR;
				CLANG_WARN_DOCUMENTATION_COMMENTS = YES;
				CLANG_WARN_EMPTY_BODY = YES;
				CLANG_WARN_ENUM_CONVERSION = YES;
				CLANG_WARN_INFINITE_RECURSION = YES;
				CLANG_WARN_INT_CONVERSION = YES;
				CLANG_WARN_NON_LITERAL_NULL_CONVERSION = YES;
				CLANG_WARN_OBJC_IMPLICIT_RETAIN_SELF = YES;
				CLANG_WARN_OBJC_LITERAL_CONVERSION = YES;
				CLANG_WARN_OBJC_ROOT_CLASS = YES_ERROR;
				CLANG_WARN_QUOTED_INCLUDE_IN_FRAMEWORK_HEADER = YES;
				CLANG_WARN_RANGE_LOOP_ANALYSIS = YES;
				CLANG_WARN_STRICT_PROTOTYPES = YES;
				CLANG_WARN_SUSPICIOUS_MOVE = YES;
				CLANG_WARN_UNGUARDED_AVAILABILITY = YES_AGGRESSIVE;
				CLANG_WARN_UNREACHABLE_CODE = YES;
				CLANG_WARN__DUPLICATE_METHOD_MATCH = YES;
				COPY_PHASE_STRIP = NO;
				DEBUG_INFORMATION_FORMAT = dwarf;
				DEVELOPMENT_TEAM = 5FZ8ZXZS35;
				ENABLE_STRICT_OBJC_MSGSEND = YES;
				ENABLE_TESTABILITY = YES;
				ENABLE_USER_SCRIPT_SANDBOXING = YES;
				GCC_C_LANGUAGE_STANDARD = gnu17;
				GCC_DYNAMIC_NO_PIC = NO;
				GCC_NO_COMMON_BLOCKS = YES;
				GCC_OPTIMIZATION_LEVEL = 0;
				GCC_PREPROCESSOR_DEFINITIONS = (
					"DEBUG=1",
					"$(inherited)",
				);
				GCC_WARN_64_TO_32_BIT_CONVERSION = YES;
				GCC_WARN_ABOUT_RETURN_TYPE = YES_ERROR;
				GCC_WARN_UNDECLARED_SELECTOR = YES;
				GCC_WARN_UNINITIALIZED_AUTOS = YES_AGGRESSIVE;
				GCC_WARN_UNUSED_FUNCTION = YES;
				GCC_WARN_UNUSED_VARIABLE = YES;
				IPHONEOS_DEPLOYMENT_TARGET = 18.5;
				LOCALIZATION_PREFERS_STRING_CATALOGS = YES;
				MTL_ENABLE_DEBUG_INFO = INCLUDE_SOURCE;
				MTL_FAST_MATH = YES;
				ONLY_ACTIVE_ARCH = YES;
				SDKROOT = iphoneos;
				SWIFT_ACTIVE_COMPILATION_CONDITIONS = "DEBUG $(inherited)";
				SWIFT_OPTIMIZATION_LEVEL = "-Onone";
			};
			name = Debug;
		};
		D0F409F32E37E25200EC8B27 /* Release */ = {
			isa = XCBuildConfiguration;
			buildSettings = {
				ALWAYS_SEARCH_USER_PATHS = NO;
				ASSETCATALOG_COMPILER_GENERATE_SWIFT_ASSET_SYMBOL_EXTENSIONS = YES;
				CLANG_ANALYZER_NONNULL = YES;
				CLANG_ANALYZER_NUMBER_OBJECT_CONVERSION = YES_AGGRESSIVE;
				CLANG_CXX_LANGUAGE_STANDARD = "gnu++20";
				CLANG_ENABLE_MODULES = YES;
				CLANG_ENABLE_OBJC_ARC = YES;
				CLANG_ENABLE_OBJC_WEAK = YES;
				CLANG_WARN_BLOCK_CAPTURE_AUTORELEASING = YES;
				CLANG_WARN_BOOL_CONVERSION = YES;
				CLANG_WARN_COMMA = YES;
				CLANG_WARN_CONSTANT_CONVERSION = YES;
				CLANG_WARN_DEPRECATED_OBJC_IMPLEMENTATIONS = YES;
				CLANG_WARN_DIRECT_OBJC_ISA_USAGE = YES_ERROR;
				CLANG_WARN_DOCUMENTATION_COMMENTS = YES;
				CLANG_WARN_EMPTY_BODY = YES;
				CLANG_WARN_ENUM_CONVERSION = YES;
				CLANG_WARN_INFINITE_RECURSION = YES;
				CLANG_WARN_INT_CONVERSION = YES;
				CLANG_WARN_NON_LITERAL_NULL_CONVERSION = YES;
				CLANG_WARN_OBJC_IMPLICIT_RETAIN_SELF = YES;
				CLANG_WARN_OBJC_LITERAL_CONVERSION = YES;
				CLANG_WARN_OBJC_ROOT_CLASS = YES_ERROR;
				CLANG_WARN_QUOTED_INCLUDE_IN_FRAMEWORK_HEADER = YES;
				CLANG_WARN_RANGE_LOOP_ANALYSIS = YES;
				CLANG_WARN_STRICT_PROTOTYPES = YES;
				CLANG_WARN_SUSPICIOUS_MOVE = YES;
				CLANG_WARN_UNGUARDED_AVAILABILITY = YES_AGGRESSIVE;
				CLANG_WARN_UNREACHABLE_CODE = YES;
				CLANG_WARN__DUPLICATE_METHOD_MATCH = YES;
				COPY_PHASE_STRIP = NO;
				DEBUG_INFORMATION_FORMAT = "dwarf-with-dsym";
				DEVELOPMENT_TEAM = 5FZ8ZXZS35;
				ENABLE_NS_ASSERTIONS = NO;
				ENABLE_STRICT_OBJC_MSGSEND = YES;
				ENABLE_USER_SCRIPT_SANDBOXING = YES;
				GCC_C_LANGUAGE_STANDARD = gnu17;
				GCC_NO_COMMON_BLOCKS = YES;
				GCC_WARN_64_TO_32_BIT_CONVERSION = YES;
				GCC_WARN_ABOUT_RETURN_TYPE = YES_ERROR;
				GCC_WARN_UNDECLARED_SELECTOR = YES;
				GCC_WARN_UNINITIALIZED_AUTOS = YES_AGGRESSIVE;
				GCC_WARN_UNUSED_FUNCTION = YES;
				GCC_WARN_UNUSED_VARIABLE = YES;
				IPHONEOS_DEPLOYMENT_TARGET = 18.5;
				LOCALIZATION_PREFERS_STRING_CATALOGS = YES;
				MTL_ENABLE_DEBUG_INFO = NO;
				MTL_FAST_MATH = YES;
				SDKROOT = iphoneos;
				SWIFT_COMPILATION_MODE = wholemodule;
				VALIDATE_PRODUCT = YES;
			};
			name = Release;
		};
		D0F409F52E37E25200EC8B27 /* Debug */ = {
			isa = XCBuildConfiguration;
			buildSettings = {
				ASSETCATALOG_COMPILER_APPICON_NAME = AppIcon;
				ASSETCATALOG_COMPILER_GLOBAL_ACCENT_COLOR_NAME = AccentColor;
				CODE_SIGN_STYLE = Automatic;
				CURRENT_PROJECT_VERSION = 1;
				DEVELOPMENT_TEAM = 5FZ8ZXZS35;
				ENABLE_PREVIEWS = YES;
				GENERATE_INFOPLIST_FILE = YES;
				INFOPLIST_KEY_UIApplicationSceneManifest_Generation = YES;
				INFOPLIST_KEY_UIApplicationSupportsIndirectInputEvents = YES;
				INFOPLIST_KEY_UILaunchScreen_Generation = YES;
				INFOPLIST_KEY_UISupportedInterfaceOrientations_iPad = "UIInterfaceOrientationPortrait UIInterfaceOrientationPortraitUpsideDown UIInterfaceOrientationLandscapeLeft UIInterfaceOrientationLandscapeRight";
				INFOPLIST_KEY_UISupportedInterfaceOrientations_iPhone = "UIInterfaceOrientationPortrait UIInterfaceOrientationLandscapeLeft UIInterfaceOrientationLandscapeRight";
				LD_RUNPATH_SEARCH_PATHS = (
					"$(inherited)",
					"@executable_path/Frameworks",
				);
				MARKETING_VERSION = 1.0;
				PRODUCT_BUNDLE_IDENTIFIER = "adam001247-yahoo.fr.MediStock";
				PRODUCT_NAME = "$(TARGET_NAME)";
				SWIFT_EMIT_LOC_STRINGS = YES;
				SWIFT_VERSION = 5.0;
				TARGETED_DEVICE_FAMILY = "1,2";
			};
			name = Debug;
		};
		D0F409F62E37E25200EC8B27 /* Release */ = {
			isa = XCBuildConfiguration;
			buildSettings = {
				ASSETCATALOG_COMPILER_APPICON_NAME = AppIcon;
				ASSETCATALOG_COMPILER_GLOBAL_ACCENT_COLOR_NAME = AccentColor;
				CODE_SIGN_STYLE = Automatic;
				CURRENT_PROJECT_VERSION = 1;
				DEVELOPMENT_TEAM = 5FZ8ZXZS35;
				ENABLE_PREVIEWS = YES;
				GENERATE_INFOPLIST_FILE = YES;
				INFOPLIST_KEY_UIApplicationSceneManifest_Generation = YES;
				INFOPLIST_KEY_UIApplicationSupportsIndirectInputEvents = YES;
				INFOPLIST_KEY_UILaunchScreen_Generation = YES;
				INFOPLIST_KEY_UISupportedInterfaceOrientations_iPad = "UIInterfaceOrientationPortrait UIInterfaceOrientationPortraitUpsideDown UIInterfaceOrientationLandscapeLeft UIInterfaceOrientationLandscapeRight";
				INFOPLIST_KEY_UISupportedInterfaceOrientations_iPhone = "UIInterfaceOrientationPortrait UIInterfaceOrientationLandscapeLeft UIInterfaceOrientationLandscapeRight";
				LD_RUNPATH_SEARCH_PATHS = (
					"$(inherited)",
					"@executable_path/Frameworks",
				);
				MARKETING_VERSION = 1.0;
				PRODUCT_BUNDLE_IDENTIFIER = "adam001247-yahoo.fr.MediStock";
				PRODUCT_NAME = "$(TARGET_NAME)";
				SWIFT_EMIT_LOC_STRINGS = YES;
				SWIFT_VERSION = 5.0;
				TARGETED_DEVICE_FAMILY = "1,2";
			};
			name = Release;
		};
		D0F409F82E37E25200EC8B27 /* Debug */ = {
			isa = XCBuildConfiguration;
			buildSettings = {
				BUNDLE_LOADER = "$(TEST_HOST)";
				CODE_SIGN_STYLE = Automatic;
				CURRENT_PROJECT_VERSION = 1;
				DEVELOPMENT_TEAM = 5FZ8ZXZS35;
				GENERATE_INFOPLIST_FILE = YES;
				IPHONEOS_DEPLOYMENT_TARGET = 18.5;
				MARKETING_VERSION = 1.0;
				PRODUCT_BUNDLE_IDENTIFIER = "adam001247-yahoo.fr.MediStockTests";
				PRODUCT_NAME = "$(TARGET_NAME)";
				SWIFT_EMIT_LOC_STRINGS = NO;
				SWIFT_VERSION = 5.0;
				TARGETED_DEVICE_FAMILY = "1,2";
				TEST_HOST = "$(BUILT_PRODUCTS_DIR)/MediStock.app/$(BUNDLE_EXECUTABLE_FOLDER_PATH)/MediStock";
			};
			name = Debug;
		};
		D0F409F92E37E25200EC8B27 /* Release */ = {
			isa = XCBuildConfiguration;
			buildSettings = {
				BUNDLE_LOADER = "$(TEST_HOST)";
				CODE_SIGN_STYLE = Automatic;
				CURRENT_PROJECT_VERSION = 1;
				DEVELOPMENT_TEAM = 5FZ8ZXZS35;
				GENERATE_INFOPLIST_FILE = YES;
				IPHONEOS_DEPLOYMENT_TARGET = 18.5;
				MARKETING_VERSION = 1.0;
				PRODUCT_BUNDLE_IDENTIFIER = "adam001247-yahoo.fr.MediStockTests";
				PRODUCT_NAME = "$(TARGET_NAME)";
				SWIFT_EMIT_LOC_STRINGS = NO;
				SWIFT_VERSION = 5.0;
				TARGETED_DEVICE_FAMILY = "1,2";
				TEST_HOST = "$(BUILT_PRODUCTS_DIR)/MediStock.app/$(BUNDLE_EXECUTABLE_FOLDER_PATH)/MediStock";
			};
			name = Release;
		};
		D0F409FB2E37E25200EC8B27 /* Debug */ = {
			isa = XCBuildConfiguration;
			buildSettings = {
				CODE_SIGN_STYLE = Automatic;
				CURRENT_PROJECT_VERSION = 1;
				DEVELOPMENT_TEAM = 5FZ8ZXZS35;
				GENERATE_INFOPLIST_FILE = YES;
				MARKETING_VERSION = 1.0;
				PRODUCT_BUNDLE_IDENTIFIER = "adam001247-yahoo.fr.MediStockUITests";
				PRODUCT_NAME = "$(TARGET_NAME)";
				SWIFT_EMIT_LOC_STRINGS = NO;
				SWIFT_VERSION = 5.0;
				TARGETED_DEVICE_FAMILY = "1,2";
				TEST_TARGET_NAME = MediStock;
			};
			name = Debug;
		};
		D0F409FC2E37E25200EC8B27 /* Release */ = {
			isa = XCBuildConfiguration;
			buildSettings = {
				CODE_SIGN_STYLE = Automatic;
				CURRENT_PROJECT_VERSION = 1;
				DEVELOPMENT_TEAM = 5FZ8ZXZS35;
				GENERATE_INFOPLIST_FILE = YES;
				MARKETING_VERSION = 1.0;
				PRODUCT_BUNDLE_IDENTIFIER = "adam001247-yahoo.fr.MediStockUITests";
				PRODUCT_NAME = "$(TARGET_NAME)";
				SWIFT_EMIT_LOC_STRINGS = NO;
				SWIFT_VERSION = 5.0;
				TARGETED_DEVICE_FAMILY = "1,2";
				TEST_TARGET_NAME = MediStock;
			};
			name = Release;
		};
/* End XCBuildConfiguration section */

/* Begin XCConfigurationList section */
		D0F409CE2E37E25100EC8B27 /* Build configuration list for PBXProject "MediStock" */ = {
			isa = XCConfigurationList;
			buildConfigurations = (
				D0F409F22E37E25200EC8B27 /* Debug */,
				D0F409F32E37E25200EC8B27 /* Release */,
			);
			defaultConfigurationIsVisible = 0;
			defaultConfigurationName = Release;
		};
		D0F409F42E37E25200EC8B27 /* Build configuration list for PBXNativeTarget "MediStock" */ = {
			isa = XCConfigurationList;
			buildConfigurations = (
				D0F409F52E37E25200EC8B27 /* Debug */,
				D0F409F62E37E25200EC8B27 /* Release */,
			);
			defaultConfigurationIsVisible = 0;
			defaultConfigurationName = Release;
		};
		D0F409F72E37E25200EC8B27 /* Build configuration list for PBXNativeTarget "MediStockTests" */ = {
			isa = XCConfigurationList;
			buildConfigurations = (
				D0F409F82E37E25200EC8B27 /* Debug */,
				D0F409F92E37E25200EC8B27 /* Release */,
			);
			defaultConfigurationIsVisible = 0;
			defaultConfigurationName = Release;
		};
		D0F409FA2E37E25200EC8B27 /* Build configuration list for PBXNativeTarget "MediStockUITests" */ = {
			isa = XCConfigurationList;
			buildConfigurations = (
				D0F409FB2E37E25200EC8B27 /* Debug */,
				D0F409FC2E37E25200EC8B27 /* Release */,
			);
			defaultConfigurationIsVisible = 0;
			defaultConfigurationName = Release;
		};
/* End XCConfigurationList section */

/* Begin XCRemoteSwiftPackageReference section */
		D0F40A282E37E72F00EC8B27 /* XCRemoteSwiftPackageReference "firebase-ios-sdk" */ = {
			isa = XCRemoteSwiftPackageReference;
			repositoryURL = "https://github.com/firebase/firebase-ios-sdk";
			requirement = {
				kind = upToNextMajorVersion;
				minimumVersion = 12.0.0;
			};
		};
/* End XCRemoteSwiftPackageReference section */

/* Begin XCSwiftPackageProductDependency section */
		D0F40A292E37E72F00EC8B27 /* FirebaseAI */ = {
			isa = XCSwiftPackageProductDependency;
			package = D0F40A282E37E72F00EC8B27 /* XCRemoteSwiftPackageReference "firebase-ios-sdk" */;
			productName = FirebaseAI;
		};
		D0F40A2B2E37E72F00EC8B27 /* FirebaseAnalytics */ = {
			isa = XCSwiftPackageProductDependency;
			package = D0F40A282E37E72F00EC8B27 /* XCRemoteSwiftPackageReference "firebase-ios-sdk" */;
			productName = FirebaseAnalytics;
		};
		D0F40A2D2E37E72F00EC8B27 /* FirebaseAnalyticsCore */ = {
			isa = XCSwiftPackageProductDependency;
			package = D0F40A282E37E72F00EC8B27 /* XCRemoteSwiftPackageReference "firebase-ios-sdk" */;
			productName = FirebaseAnalyticsCore;
		};
		D0F40A2F2E37E72F00EC8B27 /* FirebaseAppCheck */ = {
			isa = XCSwiftPackageProductDependency;
			package = D0F40A282E37E72F00EC8B27 /* XCRemoteSwiftPackageReference "firebase-ios-sdk" */;
			productName = FirebaseAppCheck;
		};
		D0F40A312E37E72F00EC8B27 /* FirebaseAppDistribution-Beta */ = {
			isa = XCSwiftPackageProductDependency;
			package = D0F40A282E37E72F00EC8B27 /* XCRemoteSwiftPackageReference "firebase-ios-sdk" */;
			productName = "FirebaseAppDistribution-Beta";
		};
		D0F40A332E37E72F00EC8B27 /* FirebaseAuth */ = {
			isa = XCSwiftPackageProductDependency;
			package = D0F40A282E37E72F00EC8B27 /* XCRemoteSwiftPackageReference "firebase-ios-sdk" */;
			productName = FirebaseAuth;
		};
		D0F40A352E37E72F00EC8B27 /* FirebaseAuthCombine-Community */ = {
			isa = XCSwiftPackageProductDependency;
			package = D0F40A282E37E72F00EC8B27 /* XCRemoteSwiftPackageReference "firebase-ios-sdk" */;
			productName = "FirebaseAuthCombine-Community";
		};
		D0F40A372E37E72F00EC8B27 /* FirebaseCore */ = {
			isa = XCSwiftPackageProductDependency;
			package = D0F40A282E37E72F00EC8B27 /* XCRemoteSwiftPackageReference "firebase-ios-sdk" */;
			productName = FirebaseCore;
		};
		D0F40A392E37E72F00EC8B27 /* FirebaseDatabase */ = {
			isa = XCSwiftPackageProductDependency;
			package = D0F40A282E37E72F00EC8B27 /* XCRemoteSwiftPackageReference "firebase-ios-sdk" */;
			productName = FirebaseDatabase;
		};
		D0F40A3B2E37E72F00EC8B27 /* FirebaseFirestore */ = {
			isa = XCSwiftPackageProductDependency;
			package = D0F40A282E37E72F00EC8B27 /* XCRemoteSwiftPackageReference "firebase-ios-sdk" */;
			productName = FirebaseFirestore;
		};
		D0F40A3D2E37E72F00EC8B27 /* FirebaseFirestoreCombine-Community */ = {
			isa = XCSwiftPackageProductDependency;
			package = D0F40A282E37E72F00EC8B27 /* XCRemoteSwiftPackageReference "firebase-ios-sdk" */;
			productName = "FirebaseFirestoreCombine-Community";
		};
		D0F40A3F2E37E72F00EC8B27 /* FirebaseFunctions */ = {
			isa = XCSwiftPackageProductDependency;
			package = D0F40A282E37E72F00EC8B27 /* XCRemoteSwiftPackageReference "firebase-ios-sdk" */;
			productName = FirebaseFunctions;
		};
		D0F40A412E37E72F00EC8B27 /* FirebaseFunctionsCombine-Community */ = {
			isa = XCSwiftPackageProductDependency;
			package = D0F40A282E37E72F00EC8B27 /* XCRemoteSwiftPackageReference "firebase-ios-sdk" */;
			productName = "FirebaseFunctionsCombine-Community";
		};
		D0F40A432E37E72F00EC8B27 /* FirebaseInstallations */ = {
			isa = XCSwiftPackageProductDependency;
			package = D0F40A282E37E72F00EC8B27 /* XCRemoteSwiftPackageReference "firebase-ios-sdk" */;
			productName = FirebaseInstallations;
		};
		D0F40A452E37E72F00EC8B27 /* FirebasePerformance */ = {
			isa = XCSwiftPackageProductDependency;
			package = D0F40A282E37E72F00EC8B27 /* XCRemoteSwiftPackageReference "firebase-ios-sdk" */;
			productName = FirebasePerformance;
		};
		D0F40A472E37E72F00EC8B27 /* FirebaseStorage */ = {
			isa = XCSwiftPackageProductDependency;
			package = D0F40A282E37E72F00EC8B27 /* XCRemoteSwiftPackageReference "firebase-ios-sdk" */;
			productName = FirebaseStorage;
		};
		D0F40A492E37E72F00EC8B27 /* FirebaseStorageCombine-Community */ = {
			isa = XCSwiftPackageProductDependency;
			package = D0F40A282E37E72F00EC8B27 /* XCRemoteSwiftPackageReference "firebase-ios-sdk" */;
			productName = "FirebaseStorageCombine-Community";
		};
		D0F40AD92E38416200EC8B27 /* FirebaseCrashlytics */ = {
			isa = XCSwiftPackageProductDependency;
			package = D0F40A282E37E72F00EC8B27 /* XCRemoteSwiftPackageReference "firebase-ios-sdk" */;
			productName = FirebaseCrashlytics;
		};
/* End XCSwiftPackageProductDependency section */
	};
	rootObject = D0F409CB2E37E25100EC8B27 /* Project object */;
}
