// !$*UTF8*$!
{
	archiveVersion = 1;
	classes = {
	};
	objectVersion = 56;
	objects = {

/* Begin PBXBuildFile section */
		53E0D8972C06084700DE1134 /* MediStockApp.swift in Sources */ = {isa = PBXBuildFile; fileRef = 53E0D8962C06084700DE1134 /* MediStockApp.swift */; };
		53E0D8992C06084700DE1134 /* ContentView.swift in Sources */ = {isa = PBXBuildFile; fileRef = 53E0D8982C06084700DE1134 /* ContentView.swift */; };
		53E0D89B2C06084900DE1134 /* Assets.xcassets in Resources */ = {isa = PBXBuildFile; fileRef = 53E0D89A2C06084900DE1134 /* Assets.xcassets */; };
		53E0D8DE2C0609A800DE1134 /* MedicineStockViewModel.swift in Sources */ = {isa = PBXBuildFile; fileRef = 53E0D8DD2C0609A800DE1134 /* MedicineStockViewModel.swift */; };
		53E0D8E02C0609B900DE1134 /* SessionStore.swift in Sources */ = {isa = PBXBuildFile; fileRef = 53E0D8DF2C0609B900DE1134 /* SessionStore.swift */; };
		53E0D8E22C065FFE00DE1134 /* AppDelegate.swift in Sources */ = {isa = PBXBuildFile; fileRef = 53E0D8E12C065FFE00DE1134 /* AppDelegate.swift */; };
		53E0D8E42C0660FD00DE1134 /* GoogleService-Info.plist in Resources */ = {isa = PBXBuildFile; fileRef = 53E0D8E32C0660FD00DE1134 /* GoogleService-Info.plist */; };
		D044AEC32E2013E800D6F02A /* DashboardViewModelTests.swift in Sources */ = {isa = PBXBuildFile; fileRef = D044AEC02E2013E800D6F02A /* DashboardViewModelTests.swift */; };
		D044AEC42E2013E800D6F02A /* HistoryViewModelTests.swift in Sources */ = {isa = PBXBuildFile; fileRef = D044AEC12E2013E800D6F02A /* HistoryViewModelTests.swift */; };
		D044AEC52E2013E800D6F02A /* AuthViewModelTests.swift in Sources */ = {isa = PBXBuildFile; fileRef = D044AEBF2E2013E800D6F02A /* AuthViewModelTests.swift */; };
		D044AEC62E2013E800D6F02A /* AdjustStockViewModelTests.swift in Sources */ = {isa = PBXBuildFile; fileRef = D044AEBD2E2013E800D6F02A /* AdjustStockViewModelTests.swift */; };
		D044AEC72E2013E800D6F02A /* MedicineStockViewModelTests.swift in Sources */ = {isa = PBXBuildFile; fileRef = D044AEC22E2013E800D6F02A /* MedicineStockViewModelTests.swift */; };
		D044AEC82E2013E800D6F02A /* AisleFormViewModelTests.swift in Sources */ = {isa = PBXBuildFile; fileRef = D044AEBE2E2013E800D6F02A /* AisleFormViewModelTests.swift */; };
		D0C2FC102E1DDC330020A35E /* UpdateMedicineStockUseCaseTests.swift in Sources */ = {isa = PBXBuildFile; fileRef = D0C2FC032E1DDC330020A35E /* UpdateMedicineStockUseCaseTests.swift */; };
		D0C2FC112E1DDC330020A35E /* ExportErrorTests.swift in Sources */ = {isa = PBXBuildFile; fileRef = D0C2FBDF2E1DDC330020A35E /* ExportErrorTests.swift */; };
		D0C2FC122E1DDC330020A35E /* SignUpUseCaseTests.swift in Sources */ = {isa = PBXBuildFile; fileRef = D0C2FBFD2E1DDC330020A35E /* SignUpUseCaseTests.swift */; };
		D0C2FC132E1DDC330020A35E /* UserDTOTests.swift in Sources */ = {isa = PBXBuildFile; fileRef = D0C2FBE52E1DDC330020A35E /* UserDTOTests.swift */; };
		D0C2FC142E1DDC330020A35E /* HistoryEntryTests.swift in Sources */ = {isa = PBXBuildFile; fileRef = D0C2FBE82E1DDC330020A35E /* HistoryEntryTests.swift */; };
		D0C2FC152E1DDC330020A35E /* UserTests.swift in Sources */ = {isa = PBXBuildFile; fileRef = D0C2FBF52E1DDC330020A35E /* UserTests.swift */; };
		D0C2FC162E1DDC330020A35E /* MedicineFormViewModelTests.swift in Sources */ = {isa = PBXBuildFile; fileRef = D0C2FC0E2E1DDC330020A35E /* MedicineFormViewModelTests.swift */; };
		D0C2FC172E1DDC330020A35E /* RealGetAislesUseCaseTests.swift in Sources */ = {isa = PBXBuildFile; fileRef = D0C2FBF82E1DDC330020A35E /* RealGetAislesUseCaseTests.swift */; };
		D0C2FC182E1DDC330020A35E /* MedicineTests.swift in Sources */ = {isa = PBXBuildFile; fileRef = D0C2FBE92E1DDC330020A35E /* MedicineTests.swift */; };
		D0C2FC192E1DDC330020A35E /* RealAddAisleUseCaseTests.swift in Sources */ = {isa = PBXBuildFile; fileRef = D0C2FBF72E1DDC330020A35E /* RealAddAisleUseCaseTests.swift */; };
		D0C2FC1A2E1DDC330020A35E /* AisleDTOTests.swift in Sources */ = {isa = PBXBuildFile; fileRef = D0C2FBE22E1DDC330020A35E /* AisleDTOTests.swift */; };
		D0C2FC1B2E1DDC330020A35E /* RealGetHistoryUseCaseTests.swift in Sources */ = {isa = PBXBuildFile; fileRef = D0C2FBFF2E1DDC330020A35E /* RealGetHistoryUseCaseTests.swift */; };
		D0C2FC1C2E1DDC330020A35E /* RealAddMedicineUseCaseExtraTests.swift in Sources */ = {isa = PBXBuildFile; fileRef = D0C2FC022E1DDC330020A35E /* RealAddMedicineUseCaseExtraTests.swift */; };
		D0C2FC1D2E1DDC330020A35E /* TestHelpers.swift in Sources */ = {isa = PBXBuildFile; fileRef = D0C2FBF32E1DDC330020A35E /* TestHelpers.swift */; };
		D0C2FC1E2E1DDC330020A35E /* MedicineErrorTests.swift in Sources */ = {isa = PBXBuildFile; fileRef = D0C2FBE02E1DDC330020A35E /* MedicineErrorTests.swift */; };
		D0C2FC1F2E1DDC330020A35E /* TestMedicineDataServiceTests.swift in Sources */ = {isa = PBXBuildFile; fileRef = D0C2FBEE2E1DDC330020A35E /* TestMedicineDataServiceTests.swift */; };
		D0C2FC202E1DDC330020A35E /* RealAddMedicineUseCaseTests.swift in Sources */ = {isa = PBXBuildFile; fileRef = D0C2FC062E1DDC330020A35E /* RealAddMedicineUseCaseTests.swift */; };
		D0C2FC212E1DDC330020A35E /* MedicineDTOTests.swift in Sources */ = {isa = PBXBuildFile; fileRef = D0C2FBE42E1DDC330020A35E /* MedicineDTOTests.swift */; };
		D0C2FC222E1DDC330020A35E /* FirebaseAuthRepositoryTestsExtended.swift in Sources */ = {isa = PBXBuildFile; fileRef = D0C2FBEB2E1DDC330020A35E /* FirebaseAuthRepositoryTestsExtended.swift */; };
		D0C2FC232E1DDC330020A35E /* MockRepositories.swift in Sources */ = {isa = PBXBuildFile; fileRef = D0C2FBED2E1DDC330020A35E /* MockRepositories.swift */; };
		D0C2FC242E1DDC330020A35E /* ColorExtensionsTests.swift in Sources */ = {isa = PBXBuildFile; fileRef = D0C2FBDB2E1DDC330020A35E /* ColorExtensionsTests.swift */; };
		D0C2FC252E1DDC330020A35E /* RealGetRecentHistoryUseCaseTests.swift in Sources */ = {isa = PBXBuildFile; fileRef = D0C2FC002E1DDC330020A35E /* RealGetRecentHistoryUseCaseTests.swift */; };
		D0C2FC262E1DDC330020A35E /* TestUtilitiesTests.swift in Sources */ = {isa = PBXBuildFile; fileRef = D0C2FBF42E1DDC330020A35E /* TestUtilitiesTests.swift */; };
		D0C2FC272E1DDC330020A35E /* AuthErrorTests.swift in Sources */ = {isa = PBXBuildFile; fileRef = D0C2FBDE2E1DDC330020A35E /* AuthErrorTests.swift */; };
		D0C2FC282E1DDC330020A35E /* GetUserUseCaseTests.swift in Sources */ = {isa = PBXBuildFile; fileRef = D0C2FBFA2E1DDC330020A35E /* GetUserUseCaseTests.swift */; };
		D0C2FC292E1DDC330020A35E /* MockUseCases.swift in Sources */ = {isa = PBXBuildFile; fileRef = D0C2FC052E1DDC330020A35E /* MockUseCases.swift */; };
		D0C2FC2A2E1DDC330020A35E /* AislesViewModelTests.swift in Sources */ = {isa = PBXBuildFile; fileRef = D0C2FC0C2E1DDC330020A35E /* AislesViewModelTests.swift */; };
		D0C2FC2C2E1DDC330020A35E /* HistoryEntryDTOTests.swift in Sources */ = {isa = PBXBuildFile; fileRef = D0C2FBE32E1DDC330020A35E /* HistoryEntryDTOTests.swift */; };
		D0C2FC2D2E1DDC330020A35E /* SignOutUseCaseTests.swift in Sources */ = {isa = PBXBuildFile; fileRef = D0C2FBFC2E1DDC330020A35E /* SignOutUseCaseTests.swift */; };
		D0C2FC2E2E1DDC330020A35E /* SignInUseCaseTests.swift in Sources */ = {isa = PBXBuildFile; fileRef = D0C2FBFB2E1DDC330020A35E /* SignInUseCaseTests.swift */; };
		D0C2FC2F2E1DDC330020A35E /* StringExtensionsTests.swift in Sources */ = {isa = PBXBuildFile; fileRef = D0C2FC0A2E1DDC330020A35E /* StringExtensionsTests.swift */; };
		D0C2FC302E1DDC330020A35E /* MedicineDetailViewModelTests.swift in Sources */ = {isa = PBXBuildFile; fileRef = D0C2FC0D2E1DDC330020A35E /* MedicineDetailViewModelTests.swift */; };
		D0C2FC312E1DDC330020A35E /* LocalCacheServiceTests.swift in Sources */ = {isa = PBXBuildFile; fileRef = D0C2FBF02E1DDC330020A35E /* LocalCacheServiceTests.swift */; };
		D0C2FC322E1DDC330020A35E /* AisleTests.swift in Sources */ = {isa = PBXBuildFile; fileRef = D0C2FBE72E1DDC330020A35E /* AisleTests.swift */; };
		D0C2FC332E1DDC330020A35E /* RealSearchAisleUseCaseTests.swift in Sources */ = {isa = PBXBuildFile; fileRef = D0C2FC072E1DDC330020A35E /* RealSearchAisleUseCaseTests.swift */; };
		D0C2FC342E1DDC330020A35E /* FirebaseHistoryRepositoryTests.swift in Sources */ = {isa = PBXBuildFile; fileRef = D0C2FBEC2E1DDC330020A35E /* FirebaseHistoryRepositoryTests.swift */; };
		D0C2FC352E1DDC330020A35E /* DateExtensionsTests.swift in Sources */ = {isa = PBXBuildFile; fileRef = D0C2FBDC2E1DDC330020A35E /* DateExtensionsTests.swift */; };
		D0C2FC362E1DDC330020A35E /* RealSearchMedicineUseCaseTests.swift in Sources */ = {isa = PBXBuildFile; fileRef = D0C2FC082E1DDC330020A35E /* RealSearchMedicineUseCaseTests.swift */; };
		D0C2FC3A2E1DE7B50020A35E /* TestDependencyContainer.swift in Sources */ = {isa = PBXBuildFile; fileRef = D0C2FC392E1DE7B50020A35E /* TestDependencyContainer.swift */; };
		D0C3DBD12E1A6B70008D94A7 /* GoogleService-Info.plist in Resources */ = {isa = PBXBuildFile; fileRef = D0C3DBD02E1A6B70008D94A7 /* GoogleService-Info.plist */; };
		D0C3DBD32E1A6CD8008D94A7 /* FirebaseFunctions in Frameworks */ = {isa = PBXBuildFile; productRef = D0C3DBD22E1A6CD8008D94A7 /* FirebaseFunctions */; };
		D0C3DC272E1A8BF8008D94A7 /* User.swift in Sources */ = {isa = PBXBuildFile; fileRef = D0C3DBE02E1A8BF8008D94A7 /* User.swift */; };
		D0C3DC282E1A8BF8008D94A7 /* AppCoordinator.swift in Sources */ = {isa = PBXBuildFile; fileRef = D0C3DBD42E1A8BF8008D94A7 /* AppCoordinator.swift */; };
		D0C3DC292E1A8BF8008D94A7 /* MessageView.swift in Sources */ = {isa = PBXBuildFile; fileRef = D0C3DC182E1A8BF8008D94A7 /* MessageView.swift */; };
		D0C3DC2A2E1A8BF8008D94A7 /* MedicineListView.swift in Sources */ = {isa = PBXBuildFile; fileRef = D0C3DC232E1A8BF8008D94A7 /* MedicineListView.swift */; };
		D0C3DC2B2E1A8BF8008D94A7 /* ExportError.swift in Sources */ = {isa = PBXBuildFile; fileRef = D0C3DBDC2E1A8BF8008D94A7 /* ExportError.swift */; };
		D0C3DC2C2E1A8BF8008D94A7 /* DashboardView.swift in Sources */ = {isa = PBXBuildFile; fileRef = D0C3DC1C2E1A8BF8008D94A7 /* DashboardView.swift */; };
		D0C3DC2D2E1A8BF8008D94A7 /* MedicineDTO.swift in Sources */ = {isa = PBXBuildFile; fileRef = D0C3DBE42E1A8BF8008D94A7 /* MedicineDTO.swift */; };
		D0C3DC2E2E1A8BF8008D94A7 /* HistoryEntry.swift in Sources */ = {isa = PBXBuildFile; fileRef = D0C3DBDD2E1A8BF8008D94A7 /* HistoryEntry.swift */; };
		D0C3DC2F2E1A8BF8008D94A7 /* SignInUseCase.swift in Sources */ = {isa = PBXBuildFile; fileRef = D0C3DBFA2E1A8BF8008D94A7 /* SignInUseCase.swift */; };
		D0C3DC302E1A8BF8008D94A7 /* HistoryViewModel.swift in Sources */ = {isa = PBXBuildFile; fileRef = D0C3DC092E1A8BF8008D94A7 /* HistoryViewModel.swift */; };
		D0C3DC312E1A8BF8008D94A7 /* AisleFormView.swift in Sources */ = {isa = PBXBuildFile; fileRef = D0C3DC102E1A8BF8008D94A7 /* AisleFormView.swift */; };
		D0C3DC322E1A8BF8008D94A7 /* AislesView.swift in Sources */ = {isa = PBXBuildFile; fileRef = D0C3DC112E1A8BF8008D94A7 /* AislesView.swift */; };
		D0C3DC332E1A8BF8008D94A7 /* LoginView.swift in Sources */ = {isa = PBXBuildFile; fileRef = D0C3DC132E1A8BF8008D94A7 /* LoginView.swift */; };
		D0C3DC342E1A8BF8008D94A7 /* UserDTO.swift in Sources */ = {isa = PBXBuildFile; fileRef = D0C3DBE52E1A8BF8008D94A7 /* UserDTO.swift */; };
		D0C3DC352E1A8BF8008D94A7 /* DashboardViewModel.swift in Sources */ = {isa = PBXBuildFile; fileRef = D0C3DC072E1A8BF8008D94A7 /* DashboardViewModel.swift */; };
		D0C3DC362E1A8BF8008D94A7 /* SyncServiceProtocol.swift in Sources */ = {isa = PBXBuildFile; fileRef = D0C3DBF62E1A8BF8008D94A7 /* SyncServiceProtocol.swift */; };
		D0C3DC372E1A8BF8008D94A7 /* MedicineError.swift in Sources */ = {isa = PBXBuildFile; fileRef = D0C3DBDF2E1A8BF8008D94A7 /* MedicineError.swift */; };
		D0C3DC382E1A8BF8008D94A7 /* FirebaseHistoryRepository.swift in Sources */ = {isa = PBXBuildFile; fileRef = D0C3DBEB2E1A8BF8008D94A7 /* FirebaseHistoryRepository.swift */; };
		D0C3DC392E1A8BF8008D94A7 /* AisleDTO.swift in Sources */ = {isa = PBXBuildFile; fileRef = D0C3DBE22E1A8BF8008D94A7 /* AisleDTO.swift */; };
		D0C3DC3A2E1A8BF8008D94A7 /* AuthViewModel.swift in Sources */ = {isa = PBXBuildFile; fileRef = D0C3DC052E1A8BF8008D94A7 /* AuthViewModel.swift */; };
		D0C3DC3B2E1A8BF8008D94A7 /* SignUpUseCase.swift in Sources */ = {isa = PBXBuildFile; fileRef = D0C3DBFB2E1A8BF8008D94A7 /* SignUpUseCase.swift */; };
		D0C3DC3C2E1A8BF8008D94A7 /* MedicineRepositoryProtocol.swift in Sources */ = {isa = PBXBuildFile; fileRef = D0C3DBEF2E1A8BF8008D94A7 /* MedicineRepositoryProtocol.swift */; };
		D0C3DC3D2E1A8BF8008D94A7 /* Color+Extensions.swift in Sources */ = {isa = PBXBuildFile; fileRef = D0C3DBD82E1A8BF8008D94A7 /* Color+Extensions.swift */; };
		D0C3DC3E2E1A8BF8008D94A7 /* PasswordResetView.swift in Sources */ = {isa = PBXBuildFile; fileRef = D0C3DC142E1A8BF8008D94A7 /* PasswordResetView.swift */; };
		D0C3DC3F2E1A8BF8008D94A7 /* StyledTextField.swift in Sources */ = {isa = PBXBuildFile; fileRef = D0C3DC1A2E1A8BF8008D94A7 /* StyledTextField.swift */; };
		D0C3DC402E1A8BF8008D94A7 /* Medicine.swift in Sources */ = {isa = PBXBuildFile; fileRef = D0C3DBDE2E1A8BF8008D94A7 /* Medicine.swift */; };
		D0C3DC412E1A8BF8008D94A7 /* AuthError.swift in Sources */ = {isa = PBXBuildFile; fileRef = D0C3DBDB2E1A8BF8008D94A7 /* AuthError.swift */; };
		D0C3DC422E1A8BF8008D94A7 /* SignUpView.swift in Sources */ = {isa = PBXBuildFile; fileRef = D0C3DC152E1A8BF8008D94A7 /* SignUpView.swift */; };
		D0C3DC432E1A8BF8008D94A7 /* LocalCacheService.swift in Sources */ = {isa = PBXBuildFile; fileRef = D0C3DBF32E1A8BF8008D94A7 /* LocalCacheService.swift */; };
		D0C3DC442E1A8BF8008D94A7 /* MedicineDetailViewModel.swift in Sources */ = {isa = PBXBuildFile; fileRef = D0C3DC0B2E1A8BF8008D94A7 /* MedicineDetailViewModel.swift */; };
		D0C3DC452E1A8BF8008D94A7 /* HistoryView.swift in Sources */ = {isa = PBXBuildFile; fileRef = D0C3DC1E2E1A8BF8008D94A7 /* HistoryView.swift */; };
		D0C3DC462E1A8BF8008D94A7 /* MedicineDetailView.swift in Sources */ = {isa = PBXBuildFile; fileRef = D0C3DC212E1A8BF8008D94A7 /* MedicineDetailView.swift */; };
		D0C3DC472E1A8BF8008D94A7 /* FirebaseAuthRepository.swift in Sources */ = {isa = PBXBuildFile; fileRef = D0C3DBEA2E1A8BF8008D94A7 /* FirebaseAuthRepository.swift */; };
		D0C3DC482E1A8BF8008D94A7 /* CacheServiceProtocol.swift in Sources */ = {isa = PBXBuildFile; fileRef = D0C3DBF52E1A8BF8008D94A7 /* CacheServiceProtocol.swift */; };
		D0C3DC492E1A8BF8008D94A7 /* HistoryEntryDTO.swift in Sources */ = {isa = PBXBuildFile; fileRef = D0C3DBE32E1A8BF8008D94A7 /* HistoryEntryDTO.swift */; };
		D0C3DC4A2E1A8BF8008D94A7 /* UpdateMedicineStockUseCase.swift in Sources */ = {isa = PBXBuildFile; fileRef = D0C3DBFE2E1A8BF8008D94A7 /* UpdateMedicineStockUseCase.swift */; };
		D0C3DC4B2E1A8BF8008D94A7 /* MedicineFormViewModel.swift in Sources */ = {isa = PBXBuildFile; fileRef = D0C3DC0C2E1A8BF8008D94A7 /* MedicineFormViewModel.swift */; };
		D0C3DC4C2E1A8BF8008D94A7 /* AppSyncService.swift in Sources */ = {isa = PBXBuildFile; fileRef = D0C3DBF22E1A8BF8008D94A7 /* AppSyncService.swift */; };
		D0C3DC4D2E1A8BF8008D94A7 /* MainTabView.swift in Sources */ = {isa = PBXBuildFile; fileRef = D0C3DBD52E1A8BF8008D94A7 /* MainTabView.swift */; };
		D0C3DC4E2E1A8BF8008D94A7 /* AuthRepositoryProtocol.swift in Sources */ = {isa = PBXBuildFile; fileRef = D0C3DBED2E1A8BF8008D94A7 /* AuthRepositoryProtocol.swift */; };
		D0C3DC4F2E1A8BF8008D94A7 /* MedicineFormView.swift in Sources */ = {isa = PBXBuildFile; fileRef = D0C3DC222E1A8BF8008D94A7 /* MedicineFormView.swift */; };
		D0C3DC502E1A8BF8008D94A7 /* AislesViewModel.swift in Sources */ = {isa = PBXBuildFile; fileRef = D0C3DC032E1A8BF8008D94A7 /* AislesViewModel.swift */; };
		D0C3DC512E1A8BF8008D94A7 /* HistoryRepositoryProtocol.swift in Sources */ = {isa = PBXBuildFile; fileRef = D0C3DBEE2E1A8BF8008D94A7 /* HistoryRepositoryProtocol.swift */; };
		D0C3DC522E1A8BF8008D94A7 /* PrimaryButton.swift in Sources */ = {isa = PBXBuildFile; fileRef = D0C3DC192E1A8BF8008D94A7 /* PrimaryButton.swift */; };
		D0C3DC532E1A8BF8008D94A7 /* AdjustStockView.swift in Sources */ = {isa = PBXBuildFile; fileRef = D0C3DC202E1A8BF8008D94A7 /* AdjustStockView.swift */; };
		D0C3DC542E1A8BF8008D94A7 /* Aisle.swift in Sources */ = {isa = PBXBuildFile; fileRef = D0C3DBDA2E1A8BF8008D94A7 /* Aisle.swift */; };
		D0C3DC552E1A8BF8008D94A7 /* GetMedicinesUseCase.swift in Sources */ = {isa = PBXBuildFile; fileRef = D0C3DBFD2E1A8BF8008D94A7 /* GetMedicinesUseCase.swift */; };
		D0C3DC592E1A9E0B008D94A7 /* FirebaseAnalytics in Frameworks */ = {isa = PBXBuildFile; productRef = D0C3DC582E1A9E0B008D94A7 /* FirebaseAnalytics */; };
		D0C3DC5B2E1A9E0B008D94A7 /* FirebaseAuth in Frameworks */ = {isa = PBXBuildFile; productRef = D0C3DC5A2E1A9E0B008D94A7 /* FirebaseAuth */; };
		D0C3DC5D2E1A9E0B008D94A7 /* FirebaseAuthCombine-Community in Frameworks */ = {isa = PBXBuildFile; productRef = D0C3DC5C2E1A9E0B008D94A7 /* FirebaseAuthCombine-Community */; };
		D0C3DC5F2E1A9E0B008D94A7 /* FirebaseCore in Frameworks */ = {isa = PBXBuildFile; productRef = D0C3DC5E2E1A9E0B008D94A7 /* FirebaseCore */; };
		D0C3DC612E1A9E0B008D94A7 /* FirebaseDatabase in Frameworks */ = {isa = PBXBuildFile; productRef = D0C3DC602E1A9E0B008D94A7 /* FirebaseDatabase */; };
		D0C3DC632E1A9E0B008D94A7 /* FirebaseFirestore in Frameworks */ = {isa = PBXBuildFile; productRef = D0C3DC622E1A9E0B008D94A7 /* FirebaseFirestore */; };
		D0C3DC652E1A9E0B008D94A7 /* FirebaseFirestoreCombine-Community in Frameworks */ = {isa = PBXBuildFile; productRef = D0C3DC642E1A9E0B008D94A7 /* FirebaseFirestoreCombine-Community */; };
		D0C3DC672E1A9E0B008D94A7 /* FirebaseFunctions in Frameworks */ = {isa = PBXBuildFile; productRef = D0C3DC662E1A9E0B008D94A7 /* FirebaseFunctions */; };
		D0C3DC692E1A9E0B008D94A7 /* FirebaseInstallations in Frameworks */ = {isa = PBXBuildFile; productRef = D0C3DC682E1A9E0B008D94A7 /* FirebaseInstallations */; };
		D0C3DC6B2E1A9E0B008D94A7 /* FirebasePerformance in Frameworks */ = {isa = PBXBuildFile; productRef = D0C3DC6A2E1A9E0B008D94A7 /* FirebasePerformance */; };
		D0C3DC6D2E1A9E0B008D94A7 /* FirebaseStorage in Frameworks */ = {isa = PBXBuildFile; productRef = D0C3DC6C2E1A9E0B008D94A7 /* FirebaseStorage */; };
		D0C3DC6F2E1A9E0B008D94A7 /* FirebaseStorageCombine-Community in Frameworks */ = {isa = PBXBuildFile; productRef = D0C3DC6E2E1A9E0B008D94A7 /* FirebaseStorageCombine-Community */; };
		D0F74D5D2E20E1AA004D34D5 /* AisleFormViewModel.swift in Sources */ = {isa = PBXBuildFile; fileRef = D0F74D5C2E20E1AA004D34D5 /* AisleFormViewModel.swift */; };
		D0F74D5F2E20E1DA004D34D5 /* AdjustStockViewModel.swift in Sources */ = {isa = PBXBuildFile; fileRef = D0F74D5E2E20E1DA004D34D5 /* AdjustStockViewModel.swift */; };
		D0F74D632E20F7E3004D34D5 /* MockRepositories.swift in Sources */ = {isa = PBXBuildFile; fileRef = D0F74D622E20F7E3004D34D5 /* MockRepositories.swift */; };
		D0F74D642E20F7E3004D34D5 /* FirebaseAisleRepositoryTests.swift in Sources */ = {isa = PBXBuildFile; fileRef = D0F74D602E20F7E3004D34D5 /* FirebaseAisleRepositoryTests.swift */; };
		D0F74D652E20F7E3004D34D5 /* FirebaseMedicineRepositoryTests.swift in Sources */ = {isa = PBXBuildFile; fileRef = D0F74D612E20F7E3004D34D5 /* FirebaseMedicineRepositoryTests.swift */; };
		D0F74D672E210008004D34D5 /* FirebaseAuthRepositoryTests.swift in Sources */ = {isa = PBXBuildFile; fileRef = D0F74D662E210008004D34D5 /* FirebaseAuthRepositoryTests.swift */; };
		D0F74D6A2E2105F8004D34D5 /* FirebaseAisleRepository.swift in Sources */ = {isa = PBXBuildFile; fileRef = D0F74D682E2105F8004D34D5 /* FirebaseAisleRepository.swift */; };
		D0F74D6B2E2105F8004D34D5 /* FirebaseMedicineRepository.swift in Sources */ = {isa = PBXBuildFile; fileRef = D0F74D692E2105F8004D34D5 /* FirebaseMedicineRepository.swift */; };
/* End PBXBuildFile section */

/* Begin PBXContainerItemProxy section */
		53E0D8A42C06084900DE1134 /* PBXContainerItemProxy */ = {
			isa = PBXContainerItemProxy;
			containerPortal = 53E0D88B2C06084700DE1134 /* Project object */;
			proxyType = 1;
			remoteGlobalIDString = 53E0D8922C06084700DE1134;
			remoteInfo = MediStock;
		};
		53E0D8AE2C06084900DE1134 /* PBXContainerItemProxy */ = {
			isa = PBXContainerItemProxy;
			containerPortal = 53E0D88B2C06084700DE1134 /* Project object */;
			proxyType = 1;
			remoteGlobalIDString = 53E0D8922C06084700DE1134;
			remoteInfo = MediStock;
		};
/* End PBXContainerItemProxy section */

/* Begin PBXFileReference section */
		53E0D8962C06084700DE1134 /* MediStockApp.swift */ = {isa = PBXFileReference; lastKnownFileType = sourcecode.swift; path = MediStockApp.swift; sourceTree = "<group>"; };
		53E0D8982C06084700DE1134 /* ContentView.swift */ = {isa = PBXFileReference; lastKnownFileType = sourcecode.swift; path = ContentView.swift; sourceTree = "<group>"; };
		53E0D89A2C06084900DE1134 /* Assets.xcassets */ = {isa = PBXFileReference; lastKnownFileType = folder.assetcatalog; path = Assets.xcassets; sourceTree = "<group>"; };
		53E0D8DD2C0609A800DE1134 /* MedicineStockViewModel.swift */ = {isa = PBXFileReference; lastKnownFileType = sourcecode.swift; path = MedicineStockViewModel.swift; sourceTree = "<group>"; };
		53E0D8DF2C0609B900DE1134 /* SessionStore.swift */ = {isa = PBXFileReference; lastKnownFileType = sourcecode.swift; path = SessionStore.swift; sourceTree = "<group>"; };
		53E0D8E12C065FFE00DE1134 /* AppDelegate.swift */ = {isa = PBXFileReference; lastKnownFileType = sourcecode.swift; path = AppDelegate.swift; sourceTree = "<group>"; };
		53E0D8E32C0660FD00DE1134 /* GoogleService-Info.plist */ = {isa = PBXFileReference; fileEncoding = 4; lastKnownFileType = text.plist.xml; path = "GoogleService-Info.plist"; sourceTree = "<group>"; };
		D01689E62E1E40C000520437 /* MediStock.app */ = {isa = PBXFileReference; explicitFileType = wrapper.application; includeInIndex = 0; path = MediStock.app; sourceTree = BUILT_PRODUCTS_DIR; };
		D01689E72E1E40C000520437 /* MediStockTests.xctest */ = {isa = PBXFileReference; explicitFileType = wrapper.cfbundle; includeInIndex = 0; path = MediStockTests.xctest; sourceTree = BUILT_PRODUCTS_DIR; };
		D01689E82E1E40C000520437 /* MediStockUITests.xctest */ = {isa = PBXFileReference; explicitFileType = wrapper.cfbundle; includeInIndex = 0; path = MediStockUITests.xctest; sourceTree = BUILT_PRODUCTS_DIR; };
		D044AEBD2E2013E800D6F02A /* AdjustStockViewModelTests.swift */ = {isa = PBXFileReference; lastKnownFileType = sourcecode.swift; path = AdjustStockViewModelTests.swift; sourceTree = "<group>"; };
		D044AEBE2E2013E800D6F02A /* AisleFormViewModelTests.swift */ = {isa = PBXFileReference; lastKnownFileType = sourcecode.swift; path = AisleFormViewModelTests.swift; sourceTree = "<group>"; };
		D044AEBF2E2013E800D6F02A /* AuthViewModelTests.swift */ = {isa = PBXFileReference; lastKnownFileType = sourcecode.swift; path = AuthViewModelTests.swift; sourceTree = "<group>"; };
		D044AEC02E2013E800D6F02A /* DashboardViewModelTests.swift */ = {isa = PBXFileReference; lastKnownFileType = sourcecode.swift; path = DashboardViewModelTests.swift; sourceTree = "<group>"; };
		D044AEC12E2013E800D6F02A /* HistoryViewModelTests.swift */ = {isa = PBXFileReference; lastKnownFileType = sourcecode.swift; path = HistoryViewModelTests.swift; sourceTree = "<group>"; };
		D044AEC22E2013E800D6F02A /* MedicineStockViewModelTests.swift */ = {isa = PBXFileReference; lastKnownFileType = sourcecode.swift; path = MedicineStockViewModelTests.swift; sourceTree = "<group>"; };
		D0C2FBDB2E1DDC330020A35E /* ColorExtensionsTests.swift */ = {isa = PBXFileReference; lastKnownFileType = sourcecode.swift; path = ColorExtensionsTests.swift; sourceTree = "<group>"; };
		D0C2FBDC2E1DDC330020A35E /* DateExtensionsTests.swift */ = {isa = PBXFileReference; lastKnownFileType = sourcecode.swift; path = DateExtensionsTests.swift; sourceTree = "<group>"; };
		D0C2FBDE2E1DDC330020A35E /* AuthErrorTests.swift */ = {isa = PBXFileReference; lastKnownFileType = sourcecode.swift; path = AuthErrorTests.swift; sourceTree = "<group>"; };
		D0C2FBDF2E1DDC330020A35E /* ExportErrorTests.swift */ = {isa = PBXFileReference; lastKnownFileType = sourcecode.swift; path = ExportErrorTests.swift; sourceTree = "<group>"; };
		D0C2FBE02E1DDC330020A35E /* MedicineErrorTests.swift */ = {isa = PBXFileReference; lastKnownFileType = sourcecode.swift; path = MedicineErrorTests.swift; sourceTree = "<group>"; };
		D0C2FBE22E1DDC330020A35E /* AisleDTOTests.swift */ = {isa = PBXFileReference; lastKnownFileType = sourcecode.swift; path = AisleDTOTests.swift; sourceTree = "<group>"; };
		D0C2FBE32E1DDC330020A35E /* HistoryEntryDTOTests.swift */ = {isa = PBXFileReference; lastKnownFileType = sourcecode.swift; path = HistoryEntryDTOTests.swift; sourceTree = "<group>"; };
		D0C2FBE42E1DDC330020A35E /* MedicineDTOTests.swift */ = {isa = PBXFileReference; lastKnownFileType = sourcecode.swift; path = MedicineDTOTests.swift; sourceTree = "<group>"; };
		D0C2FBE52E1DDC330020A35E /* UserDTOTests.swift */ = {isa = PBXFileReference; lastKnownFileType = sourcecode.swift; path = UserDTOTests.swift; sourceTree = "<group>"; };
		D0C2FBE72E1DDC330020A35E /* AisleTests.swift */ = {isa = PBXFileReference; lastKnownFileType = sourcecode.swift; path = AisleTests.swift; sourceTree = "<group>"; };
		D0C2FBE82E1DDC330020A35E /* HistoryEntryTests.swift */ = {isa = PBXFileReference; lastKnownFileType = sourcecode.swift; path = HistoryEntryTests.swift; sourceTree = "<group>"; };
		D0C2FBE92E1DDC330020A35E /* MedicineTests.swift */ = {isa = PBXFileReference; lastKnownFileType = sourcecode.swift; path = MedicineTests.swift; sourceTree = "<group>"; };
		D0C2FBEB2E1DDC330020A35E /* FirebaseAuthRepositoryTestsExtended.swift */ = {isa = PBXFileReference; lastKnownFileType = sourcecode.swift; path = FirebaseAuthRepositoryTestsExtended.swift; sourceTree = "<group>"; };
		D0C2FBEC2E1DDC330020A35E /* FirebaseHistoryRepositoryTests.swift */ = {isa = PBXFileReference; lastKnownFileType = sourcecode.swift; path = FirebaseHistoryRepositoryTests.swift; sourceTree = "<group>"; };
		D0C2FBED2E1DDC330020A35E /* MockRepositories.swift */ = {isa = PBXFileReference; lastKnownFileType = sourcecode.swift; path = MockRepositories.swift; sourceTree = "<group>"; };
		D0C2FBEE2E1DDC330020A35E /* TestMedicineDataServiceTests.swift */ = {isa = PBXFileReference; lastKnownFileType = sourcecode.swift; path = TestMedicineDataServiceTests.swift; sourceTree = "<group>"; };
		D0C2FBF02E1DDC330020A35E /* LocalCacheServiceTests.swift */ = {isa = PBXFileReference; lastKnownFileType = sourcecode.swift; path = LocalCacheServiceTests.swift; sourceTree = "<group>"; };
		D0C2FBF32E1DDC330020A35E /* TestHelpers.swift */ = {isa = PBXFileReference; lastKnownFileType = sourcecode.swift; path = TestHelpers.swift; sourceTree = "<group>"; };
		D0C2FBF42E1DDC330020A35E /* TestUtilitiesTests.swift */ = {isa = PBXFileReference; lastKnownFileType = sourcecode.swift; path = TestUtilitiesTests.swift; sourceTree = "<group>"; };
		D0C2FBF52E1DDC330020A35E /* UserTests.swift */ = {isa = PBXFileReference; lastKnownFileType = sourcecode.swift; path = UserTests.swift; sourceTree = "<group>"; };
		D0C2FBF72E1DDC330020A35E /* RealAddAisleUseCaseTests.swift */ = {isa = PBXFileReference; lastKnownFileType = sourcecode.swift; path = RealAddAisleUseCaseTests.swift; sourceTree = "<group>"; };
		D0C2FBF82E1DDC330020A35E /* RealGetAislesUseCaseTests.swift */ = {isa = PBXFileReference; lastKnownFileType = sourcecode.swift; path = RealGetAislesUseCaseTests.swift; sourceTree = "<group>"; };
		D0C2FBFA2E1DDC330020A35E /* GetUserUseCaseTests.swift */ = {isa = PBXFileReference; lastKnownFileType = sourcecode.swift; path = GetUserUseCaseTests.swift; sourceTree = "<group>"; };
		D0C2FBFB2E1DDC330020A35E /* SignInUseCaseTests.swift */ = {isa = PBXFileReference; lastKnownFileType = sourcecode.swift; path = SignInUseCaseTests.swift; sourceTree = "<group>"; };
		D0C2FBFC2E1DDC330020A35E /* SignOutUseCaseTests.swift */ = {isa = PBXFileReference; lastKnownFileType = sourcecode.swift; path = SignOutUseCaseTests.swift; sourceTree = "<group>"; };
		D0C2FBFD2E1DDC330020A35E /* SignUpUseCaseTests.swift */ = {isa = PBXFileReference; lastKnownFileType = sourcecode.swift; path = SignUpUseCaseTests.swift; sourceTree = "<group>"; };
		D0C2FBFF2E1DDC330020A35E /* RealGetHistoryUseCaseTests.swift */ = {isa = PBXFileReference; lastKnownFileType = sourcecode.swift; path = RealGetHistoryUseCaseTests.swift; sourceTree = "<group>"; };
		D0C2FC002E1DDC330020A35E /* RealGetRecentHistoryUseCaseTests.swift */ = {isa = PBXFileReference; lastKnownFileType = sourcecode.swift; path = RealGetRecentHistoryUseCaseTests.swift; sourceTree = "<group>"; };
		D0C2FC022E1DDC330020A35E /* RealAddMedicineUseCaseExtraTests.swift */ = {isa = PBXFileReference; lastKnownFileType = sourcecode.swift; path = RealAddMedicineUseCaseExtraTests.swift; sourceTree = "<group>"; };
		D0C2FC032E1DDC330020A35E /* UpdateMedicineStockUseCaseTests.swift */ = {isa = PBXFileReference; lastKnownFileType = sourcecode.swift; path = UpdateMedicineStockUseCaseTests.swift; sourceTree = "<group>"; };
		D0C2FC052E1DDC330020A35E /* MockUseCases.swift */ = {isa = PBXFileReference; lastKnownFileType = sourcecode.swift; path = MockUseCases.swift; sourceTree = "<group>"; };
		D0C2FC062E1DDC330020A35E /* RealAddMedicineUseCaseTests.swift */ = {isa = PBXFileReference; lastKnownFileType = sourcecode.swift; path = RealAddMedicineUseCaseTests.swift; sourceTree = "<group>"; };
		D0C2FC072E1DDC330020A35E /* RealSearchAisleUseCaseTests.swift */ = {isa = PBXFileReference; lastKnownFileType = sourcecode.swift; path = RealSearchAisleUseCaseTests.swift; sourceTree = "<group>"; };
		D0C2FC082E1DDC330020A35E /* RealSearchMedicineUseCaseTests.swift */ = {isa = PBXFileReference; lastKnownFileType = sourcecode.swift; path = RealSearchMedicineUseCaseTests.swift; sourceTree = "<group>"; };
		D0C2FC0A2E1DDC330020A35E /* StringExtensionsTests.swift */ = {isa = PBXFileReference; lastKnownFileType = sourcecode.swift; path = StringExtensionsTests.swift; sourceTree = "<group>"; };
		D0C2FC0C2E1DDC330020A35E /* AislesViewModelTests.swift */ = {isa = PBXFileReference; lastKnownFileType = sourcecode.swift; path = AislesViewModelTests.swift; sourceTree = "<group>"; };
		D0C2FC0D2E1DDC330020A35E /* MedicineDetailViewModelTests.swift */ = {isa = PBXFileReference; lastKnownFileType = sourcecode.swift; path = MedicineDetailViewModelTests.swift; sourceTree = "<group>"; };
		D0C2FC0E2E1DDC330020A35E /* MedicineFormViewModelTests.swift */ = {isa = PBXFileReference; lastKnownFileType = sourcecode.swift; path = MedicineFormViewModelTests.swift; sourceTree = "<group>"; };
		D0C2FC392E1DE7B50020A35E /* TestDependencyContainer.swift */ = {isa = PBXFileReference; lastKnownFileType = sourcecode.swift; path = TestDependencyContainer.swift; sourceTree = "<group>"; };
		D0C3DBD02E1A6B70008D94A7 /* GoogleService-Info.plist */ = {isa = PBXFileReference; lastKnownFileType = text.plist.xml; path = "GoogleService-Info.plist"; sourceTree = "<group>"; };
		D0C3DBD42E1A8BF8008D94A7 /* AppCoordinator.swift */ = {isa = PBXFileReference; lastKnownFileType = sourcecode.swift; path = AppCoordinator.swift; sourceTree = "<group>"; };
		D0C3DBD52E1A8BF8008D94A7 /* MainTabView.swift */ = {isa = PBXFileReference; lastKnownFileType = sourcecode.swift; path = MainTabView.swift; sourceTree = "<group>"; };
		D0C3DBD82E1A8BF8008D94A7 /* Color+Extensions.swift */ = {isa = PBXFileReference; lastKnownFileType = sourcecode.swift; path = "Color+Extensions.swift"; sourceTree = "<group>"; };
		D0C3DBDA2E1A8BF8008D94A7 /* Aisle.swift */ = {isa = PBXFileReference; lastKnownFileType = sourcecode.swift; path = Aisle.swift; sourceTree = "<group>"; };
		D0C3DBDB2E1A8BF8008D94A7 /* AuthError.swift */ = {isa = PBXFileReference; lastKnownFileType = sourcecode.swift; path = AuthError.swift; sourceTree = "<group>"; };
		D0C3DBDC2E1A8BF8008D94A7 /* ExportError.swift */ = {isa = PBXFileReference; lastKnownFileType = sourcecode.swift; path = ExportError.swift; sourceTree = "<group>"; };
		D0C3DBDD2E1A8BF8008D94A7 /* HistoryEntry.swift */ = {isa = PBXFileReference; lastKnownFileType = sourcecode.swift; path = HistoryEntry.swift; sourceTree = "<group>"; };
		D0C3DBDE2E1A8BF8008D94A7 /* Medicine.swift */ = {isa = PBXFileReference; lastKnownFileType = sourcecode.swift; path = Medicine.swift; sourceTree = "<group>"; };
		D0C3DBDF2E1A8BF8008D94A7 /* MedicineError.swift */ = {isa = PBXFileReference; lastKnownFileType = sourcecode.swift; path = MedicineError.swift; sourceTree = "<group>"; };
		D0C3DBE02E1A8BF8008D94A7 /* User.swift */ = {isa = PBXFileReference; lastKnownFileType = sourcecode.swift; path = User.swift; sourceTree = "<group>"; };
		D0C3DBE22E1A8BF8008D94A7 /* AisleDTO.swift */ = {isa = PBXFileReference; lastKnownFileType = sourcecode.swift; path = AisleDTO.swift; sourceTree = "<group>"; };
		D0C3DBE32E1A8BF8008D94A7 /* HistoryEntryDTO.swift */ = {isa = PBXFileReference; lastKnownFileType = sourcecode.swift; path = HistoryEntryDTO.swift; sourceTree = "<group>"; };
		D0C3DBE42E1A8BF8008D94A7 /* MedicineDTO.swift */ = {isa = PBXFileReference; lastKnownFileType = sourcecode.swift; path = MedicineDTO.swift; sourceTree = "<group>"; };
		D0C3DBE52E1A8BF8008D94A7 /* UserDTO.swift */ = {isa = PBXFileReference; lastKnownFileType = sourcecode.swift; path = UserDTO.swift; sourceTree = "<group>"; };
		D0C3DBEA2E1A8BF8008D94A7 /* FirebaseAuthRepository.swift */ = {isa = PBXFileReference; lastKnownFileType = sourcecode.swift; path = FirebaseAuthRepository.swift; sourceTree = "<group>"; };
		D0C3DBEB2E1A8BF8008D94A7 /* FirebaseHistoryRepository.swift */ = {isa = PBXFileReference; lastKnownFileType = sourcecode.swift; path = FirebaseHistoryRepository.swift; sourceTree = "<group>"; };
		D0C3DBED2E1A8BF8008D94A7 /* AuthRepositoryProtocol.swift */ = {isa = PBXFileReference; lastKnownFileType = sourcecode.swift; path = AuthRepositoryProtocol.swift; sourceTree = "<group>"; };
		D0C3DBEE2E1A8BF8008D94A7 /* HistoryRepositoryProtocol.swift */ = {isa = PBXFileReference; lastKnownFileType = sourcecode.swift; path = HistoryRepositoryProtocol.swift; sourceTree = "<group>"; };
		D0C3DBEF2E1A8BF8008D94A7 /* MedicineRepositoryProtocol.swift */ = {isa = PBXFileReference; lastKnownFileType = sourcecode.swift; path = MedicineRepositoryProtocol.swift; sourceTree = "<group>"; };
		D0C3DBF22E1A8BF8008D94A7 /* AppSyncService.swift */ = {isa = PBXFileReference; lastKnownFileType = sourcecode.swift; path = AppSyncService.swift; sourceTree = "<group>"; };
		D0C3DBF32E1A8BF8008D94A7 /* LocalCacheService.swift */ = {isa = PBXFileReference; lastKnownFileType = sourcecode.swift; path = LocalCacheService.swift; sourceTree = "<group>"; };
		D0C3DBF52E1A8BF8008D94A7 /* CacheServiceProtocol.swift */ = {isa = PBXFileReference; lastKnownFileType = sourcecode.swift; path = CacheServiceProtocol.swift; sourceTree = "<group>"; };
		D0C3DBF62E1A8BF8008D94A7 /* SyncServiceProtocol.swift */ = {isa = PBXFileReference; lastKnownFileType = sourcecode.swift; path = SyncServiceProtocol.swift; sourceTree = "<group>"; };
		D0C3DBFA2E1A8BF8008D94A7 /* SignInUseCase.swift */ = {isa = PBXFileReference; lastKnownFileType = sourcecode.swift; path = SignInUseCase.swift; sourceTree = "<group>"; };
		D0C3DBFB2E1A8BF8008D94A7 /* SignUpUseCase.swift */ = {isa = PBXFileReference; lastKnownFileType = sourcecode.swift; path = SignUpUseCase.swift; sourceTree = "<group>"; };
		D0C3DBFD2E1A8BF8008D94A7 /* GetMedicinesUseCase.swift */ = {isa = PBXFileReference; lastKnownFileType = sourcecode.swift; path = GetMedicinesUseCase.swift; sourceTree = "<group>"; };
		D0C3DBFE2E1A8BF8008D94A7 /* UpdateMedicineStockUseCase.swift */ = {isa = PBXFileReference; lastKnownFileType = sourcecode.swift; path = UpdateMedicineStockUseCase.swift; sourceTree = "<group>"; };
		D0C3DC032E1A8BF8008D94A7 /* AislesViewModel.swift */ = {isa = PBXFileReference; lastKnownFileType = sourcecode.swift; path = AislesViewModel.swift; sourceTree = "<group>"; };
		D0C3DC052E1A8BF8008D94A7 /* AuthViewModel.swift */ = {isa = PBXFileReference; lastKnownFileType = sourcecode.swift; path = AuthViewModel.swift; sourceTree = "<group>"; };
		D0C3DC072E1A8BF8008D94A7 /* DashboardViewModel.swift */ = {isa = PBXFileReference; lastKnownFileType = sourcecode.swift; path = DashboardViewModel.swift; sourceTree = "<group>"; };
		D0C3DC092E1A8BF8008D94A7 /* HistoryViewModel.swift */ = {isa = PBXFileReference; lastKnownFileType = sourcecode.swift; path = HistoryViewModel.swift; sourceTree = "<group>"; };
		D0C3DC0B2E1A8BF8008D94A7 /* MedicineDetailViewModel.swift */ = {isa = PBXFileReference; lastKnownFileType = sourcecode.swift; path = MedicineDetailViewModel.swift; sourceTree = "<group>"; };
		D0C3DC0C2E1A8BF8008D94A7 /* MedicineFormViewModel.swift */ = {isa = PBXFileReference; lastKnownFileType = sourcecode.swift; path = MedicineFormViewModel.swift; sourceTree = "<group>"; };
		D0C3DC102E1A8BF8008D94A7 /* AisleFormView.swift */ = {isa = PBXFileReference; lastKnownFileType = sourcecode.swift; path = AisleFormView.swift; sourceTree = "<group>"; };
		D0C3DC112E1A8BF8008D94A7 /* AislesView.swift */ = {isa = PBXFileReference; lastKnownFileType = sourcecode.swift; path = AislesView.swift; sourceTree = "<group>"; };
		D0C3DC132E1A8BF8008D94A7 /* LoginView.swift */ = {isa = PBXFileReference; lastKnownFileType = sourcecode.swift; path = LoginView.swift; sourceTree = "<group>"; };
		D0C3DC142E1A8BF8008D94A7 /* PasswordResetView.swift */ = {isa = PBXFileReference; lastKnownFileType = sourcecode.swift; path = PasswordResetView.swift; sourceTree = "<group>"; };
		D0C3DC152E1A8BF8008D94A7 /* SignUpView.swift */ = {isa = PBXFileReference; lastKnownFileType = sourcecode.swift; path = SignUpView.swift; sourceTree = "<group>"; };
		D0C3DC182E1A8BF8008D94A7 /* MessageView.swift */ = {isa = PBXFileReference; lastKnownFileType = sourcecode.swift; path = MessageView.swift; sourceTree = "<group>"; };
		D0C3DC192E1A8BF8008D94A7 /* PrimaryButton.swift */ = {isa = PBXFileReference; lastKnownFileType = sourcecode.swift; path = PrimaryButton.swift; sourceTree = "<group>"; };
		D0C3DC1A2E1A8BF8008D94A7 /* StyledTextField.swift */ = {isa = PBXFileReference; lastKnownFileType = sourcecode.swift; path = StyledTextField.swift; sourceTree = "<group>"; };
		D0C3DC1C2E1A8BF8008D94A7 /* DashboardView.swift */ = {isa = PBXFileReference; lastKnownFileType = sourcecode.swift; path = DashboardView.swift; sourceTree = "<group>"; };
		D0C3DC1E2E1A8BF8008D94A7 /* HistoryView.swift */ = {isa = PBXFileReference; lastKnownFileType = sourcecode.swift; path = HistoryView.swift; sourceTree = "<group>"; };
		D0C3DC202E1A8BF8008D94A7 /* AdjustStockView.swift */ = {isa = PBXFileReference; lastKnownFileType = sourcecode.swift; path = AdjustStockView.swift; sourceTree = "<group>"; };
		D0C3DC212E1A8BF8008D94A7 /* MedicineDetailView.swift */ = {isa = PBXFileReference; lastKnownFileType = sourcecode.swift; path = MedicineDetailView.swift; sourceTree = "<group>"; };
		D0C3DC222E1A8BF8008D94A7 /* MedicineFormView.swift */ = {isa = PBXFileReference; lastKnownFileType = sourcecode.swift; path = MedicineFormView.swift; sourceTree = "<group>"; };
		D0C3DC232E1A8BF8008D94A7 /* MedicineListView.swift */ = {isa = PBXFileReference; lastKnownFileType = sourcecode.swift; path = MedicineListView.swift; sourceTree = "<group>"; };
		D0F74D5C2E20E1AA004D34D5 /* AisleFormViewModel.swift */ = {isa = PBXFileReference; lastKnownFileType = sourcecode.swift; path = AisleFormViewModel.swift; sourceTree = "<group>"; };
		D0F74D5E2E20E1DA004D34D5 /* AdjustStockViewModel.swift */ = {isa = PBXFileReference; lastKnownFileType = sourcecode.swift; path = AdjustStockViewModel.swift; sourceTree = "<group>"; };
		D0F74D602E20F7E3004D34D5 /* FirebaseAisleRepositoryTests.swift */ = {isa = PBXFileReference; lastKnownFileType = sourcecode.swift; path = FirebaseAisleRepositoryTests.swift; sourceTree = "<group>"; };
		D0F74D612E20F7E3004D34D5 /* FirebaseMedicineRepositoryTests.swift */ = {isa = PBXFileReference; lastKnownFileType = sourcecode.swift; path = FirebaseMedicineRepositoryTests.swift; sourceTree = "<group>"; };
		D0F74D622E20F7E3004D34D5 /* MockRepositories.swift */ = {isa = PBXFileReference; lastKnownFileType = sourcecode.swift; path = MockRepositories.swift; sourceTree = "<group>"; };
		D0F74D662E210008004D34D5 /* FirebaseAuthRepositoryTests.swift */ = {isa = PBXFileReference; lastKnownFileType = sourcecode.swift; path = FirebaseAuthRepositoryTests.swift; sourceTree = "<group>"; };
		D0F74D682E2105F8004D34D5 /* FirebaseAisleRepository.swift */ = {isa = PBXFileReference; lastKnownFileType = sourcecode.swift; path = FirebaseAisleRepository.swift; sourceTree = "<group>"; };
		D0F74D692E2105F8004D34D5 /* FirebaseMedicineRepository.swift */ = {isa = PBXFileReference; lastKnownFileType = sourcecode.swift; path = FirebaseMedicineRepository.swift; sourceTree = "<group>"; };
/* End PBXFileReference section */

/* Begin PBXFrameworksBuildPhase section */
		53E0D8902C06084700DE1134 /* Frameworks */ = {
			isa = PBXFrameworksBuildPhase;
			buildActionMask = 2147483647;
			files = (
				D0C3DC6B2E1A9E0B008D94A7 /* FirebasePerformance in Frameworks */,
				D0C3DC612E1A9E0B008D94A7 /* FirebaseDatabase in Frameworks */,
				D0C3DC652E1A9E0B008D94A7 /* FirebaseFirestoreCombine-Community in Frameworks */,
				D0C3DC6F2E1A9E0B008D94A7 /* FirebaseStorageCombine-Community in Frameworks */,
				D0C3DC592E1A9E0B008D94A7 /* FirebaseAnalytics in Frameworks */,
				D0C3DC672E1A9E0B008D94A7 /* FirebaseFunctions in Frameworks */,
				D0C3DC6D2E1A9E0B008D94A7 /* FirebaseStorage in Frameworks */,
				D0C3DC5F2E1A9E0B008D94A7 /* FirebaseCore in Frameworks */,
				D0C3DC5B2E1A9E0B008D94A7 /* FirebaseAuth in Frameworks */,
				D0C3DBD32E1A6CD8008D94A7 /* FirebaseFunctions in Frameworks */,
				D0C3DC5D2E1A9E0B008D94A7 /* FirebaseAuthCombine-Community in Frameworks */,
				D0C3DC632E1A9E0B008D94A7 /* FirebaseFirestore in Frameworks */,
				D0C3DC692E1A9E0B008D94A7 /* FirebaseInstallations in Frameworks */,
			);
			runOnlyForDeploymentPostprocessing = 0;
		};
		53E0D8A02C06084900DE1134 /* Frameworks */ = {
			isa = PBXFrameworksBuildPhase;
			buildActionMask = 2147483647;
			files = (
			);
			runOnlyForDeploymentPostprocessing = 0;
		};
		53E0D8AA2C06084900DE1134 /* Frameworks */ = {
			isa = PBXFrameworksBuildPhase;
			buildActionMask = 2147483647;
			files = (
			);
			runOnlyForDeploymentPostprocessing = 0;
		};
/* End PBXFrameworksBuildPhase section */

/* Begin PBXGroup section */
		53E0D88A2C06084700DE1134 = {
			isa = PBXGroup;
			children = (
				53E0D8952C06084700DE1134 /* MediStock */,
				53E0D8A62C06084900DE1134 /* MediStockTests */,
				D01689E62E1E40C000520437 /* MediStock.app */,
				D01689E72E1E40C000520437 /* MediStockTests.xctest */,
				D01689E82E1E40C000520437 /* MediStockUITests.xctest */,
			);
			sourceTree = "<group>";
		};
		53E0D8952C06084700DE1134 /* MediStock */ = {
			isa = PBXGroup;
			children = (
				53E0D8E32C0660FD00DE1134 /* GoogleService-Info.plist */,
				53E0D8962C06084700DE1134 /* MediStockApp.swift */,
				53E0D8982C06084700DE1134 /* ContentView.swift */,
				53E0D89A2C06084900DE1134 /* Assets.xcassets */,
				53E0D8DF2C0609B900DE1134 /* SessionStore.swift */,
				53E0D8E12C065FFE00DE1134 /* AppDelegate.swift */,
				D0C3DBD62E1A8BF8008D94A7 /* App */,
				D0C3DBD92E1A8BF8008D94A7 /* Extensions */,
				D0C3DBE72E1A8BF8008D94A7 /* Models */,
				D0C3DBF12E1A8BF8008D94A7 /* Repositories */,
				D0C3DBF82E1A8BF8008D94A7 /* Services */,
				D0C3DC012E1A8BF8008D94A7 /* UseCases */,
				D0C3DC022E1A8BF8008D94A7 /* Utilities */,
				D0C3DC0F2E1A8BF8008D94A7 /* ViewModels */,
				D0C3DC262E1A8BF8008D94A7 /* Views */,
				D0C3DBD02E1A6B70008D94A7 /* GoogleService-Info.plist */,
			);
			path = MediStock;
			sourceTree = "<group>";
		};
		53E0D8A62C06084900DE1134 /* MediStockTests */ = {
			isa = PBXGroup;
			children = (
				D0C2FBDD2E1DDC330020A35E /* Extensions */,
				D0C2FBEA2E1DDC330020A35E /* Models */,
				D0C2FBEF2E1DDC330020A35E /* Repositories */,
				D0C2FBF12E1DDC330020A35E /* Services */,
				D0C2FBF62E1DDC330020A35E /* TestUtilities */,
				D0C2FC092E1DDC330020A35E /* UseCases */,
				D0C2FC0B2E1DDC330020A35E /* Utilities */,
				D0C2FC0F2E1DDC330020A35E /* ViewModels */,
			);
			path = MediStockTests;
			sourceTree = "<group>";
		};
		D0C2FBDD2E1DDC330020A35E /* Extensions */ = {
			isa = PBXGroup;
			children = (
				D0C2FBDB2E1DDC330020A35E /* ColorExtensionsTests.swift */,
				D0C2FBDC2E1DDC330020A35E /* DateExtensionsTests.swift */,
			);
			path = Extensions;
			sourceTree = "<group>";
		};
		D0C2FBE12E1DDC330020A35E /* Domain */ = {
			isa = PBXGroup;
			children = (
				D0C2FBDE2E1DDC330020A35E /* AuthErrorTests.swift */,
				D0C2FBDF2E1DDC330020A35E /* ExportErrorTests.swift */,
				D0C2FBE02E1DDC330020A35E /* MedicineErrorTests.swift */,
			);
			path = Domain;
			sourceTree = "<group>";
		};
		D0C2FBE62E1DDC330020A35E /* DTOs */ = {
			isa = PBXGroup;
			children = (
				D0C2FBE22E1DDC330020A35E /* AisleDTOTests.swift */,
				D0C2FBE32E1DDC330020A35E /* HistoryEntryDTOTests.swift */,
				D0C2FBE42E1DDC330020A35E /* MedicineDTOTests.swift */,
				D0C2FBE52E1DDC330020A35E /* UserDTOTests.swift */,
			);
			path = DTOs;
			sourceTree = "<group>";
		};
		D0C2FBEA2E1DDC330020A35E /* Models */ = {
			isa = PBXGroup;
			children = (
				D0C2FBE12E1DDC330020A35E /* Domain */,
				D0C2FBE62E1DDC330020A35E /* DTOs */,
				D0C2FBE72E1DDC330020A35E /* AisleTests.swift */,
				D0C2FBE82E1DDC330020A35E /* HistoryEntryTests.swift */,
				D0C2FBE92E1DDC330020A35E /* MedicineTests.swift */,
			);
			path = Models;
			sourceTree = "<group>";
		};
		D0C2FBEF2E1DDC330020A35E /* Repositories */ = {
			isa = PBXGroup;
			children = (
				D0F74D662E210008004D34D5 /* FirebaseAuthRepositoryTests.swift */,
				D0F74D602E20F7E3004D34D5 /* FirebaseAisleRepositoryTests.swift */,
				D0F74D612E20F7E3004D34D5 /* FirebaseMedicineRepositoryTests.swift */,
				D0F74D622E20F7E3004D34D5 /* MockRepositories.swift */,
				D0C2FBEB2E1DDC330020A35E /* FirebaseAuthRepositoryTestsExtended.swift */,
				D0C2FBEC2E1DDC330020A35E /* FirebaseHistoryRepositoryTests.swift */,
				D0C2FBED2E1DDC330020A35E /* MockRepositories.swift */,
				D0C2FBEE2E1DDC330020A35E /* TestMedicineDataServiceTests.swift */,
			);
			path = Repositories;
			sourceTree = "<group>";
		};
		D0C2FBF12E1DDC330020A35E /* Services */ = {
			isa = PBXGroup;
			children = (
				D0C2FBF02E1DDC330020A35E /* LocalCacheServiceTests.swift */,
			);
			path = Services;
			sourceTree = "<group>";
		};
		D0C2FBF62E1DDC330020A35E /* TestUtilities */ = {
			isa = PBXGroup;
			children = (
				D0C2FC392E1DE7B50020A35E /* TestDependencyContainer.swift */,
				D0C2FBF32E1DDC330020A35E /* TestHelpers.swift */,
				D0C2FBF42E1DDC330020A35E /* TestUtilitiesTests.swift */,
				D0C2FBF52E1DDC330020A35E /* UserTests.swift */,
			);
			path = TestUtilities;
			sourceTree = "<group>";
		};
		D0C2FBF92E1DDC330020A35E /* Aisle */ = {
			isa = PBXGroup;
			children = (
				D0C2FBF72E1DDC330020A35E /* RealAddAisleUseCaseTests.swift */,
				D0C2FBF82E1DDC330020A35E /* RealGetAislesUseCaseTests.swift */,
			);
			path = Aisle;
			sourceTree = "<group>";
		};
		D0C2FBFE2E1DDC330020A35E /* Authentication */ = {
			isa = PBXGroup;
			children = (
				D0C2FBFA2E1DDC330020A35E /* GetUserUseCaseTests.swift */,
				D0C2FBFB2E1DDC330020A35E /* SignInUseCaseTests.swift */,
				D0C2FBFC2E1DDC330020A35E /* SignOutUseCaseTests.swift */,
				D0C2FBFD2E1DDC330020A35E /* SignUpUseCaseTests.swift */,
			);
			path = Authentication;
			sourceTree = "<group>";
		};
		D0C2FC012E1DDC330020A35E /* History */ = {
			isa = PBXGroup;
			children = (
				D0C2FBFF2E1DDC330020A35E /* RealGetHistoryUseCaseTests.swift */,
				D0C2FC002E1DDC330020A35E /* RealGetRecentHistoryUseCaseTests.swift */,
			);
			path = History;
			sourceTree = "<group>";
		};
		D0C2FC042E1DDC330020A35E /* Medicine */ = {
			isa = PBXGroup;
			children = (
				D0C2FC022E1DDC330020A35E /* RealAddMedicineUseCaseExtraTests.swift */,
				D0C2FC032E1DDC330020A35E /* UpdateMedicineStockUseCaseTests.swift */,
			);
			path = Medicine;
			sourceTree = "<group>";
		};
		D0C2FC092E1DDC330020A35E /* UseCases */ = {
			isa = PBXGroup;
			children = (
				D0C2FBF92E1DDC330020A35E /* Aisle */,
				D0C2FBFE2E1DDC330020A35E /* Authentication */,
				D0C2FC012E1DDC330020A35E /* History */,
				D0C2FC042E1DDC330020A35E /* Medicine */,
				D0C2FC052E1DDC330020A35E /* MockUseCases.swift */,
				D0C2FC062E1DDC330020A35E /* RealAddMedicineUseCaseTests.swift */,
				D0C2FC072E1DDC330020A35E /* RealSearchAisleUseCaseTests.swift */,
				D0C2FC082E1DDC330020A35E /* RealSearchMedicineUseCaseTests.swift */,
			);
			path = UseCases;
			sourceTree = "<group>";
		};
		D0C2FC0B2E1DDC330020A35E /* Utilities */ = {
			isa = PBXGroup;
			children = (
				D0C2FC0A2E1DDC330020A35E /* StringExtensionsTests.swift */,
			);
			path = Utilities;
			sourceTree = "<group>";
		};
		D0C2FC0F2E1DDC330020A35E /* ViewModels */ = {
			isa = PBXGroup;
			children = (
				D044AEBD2E2013E800D6F02A /* AdjustStockViewModelTests.swift */,
				D044AEBE2E2013E800D6F02A /* AisleFormViewModelTests.swift */,
				D044AEBF2E2013E800D6F02A /* AuthViewModelTests.swift */,
				D044AEC02E2013E800D6F02A /* DashboardViewModelTests.swift */,
				D044AEC12E2013E800D6F02A /* HistoryViewModelTests.swift */,
				D044AEC22E2013E800D6F02A /* MedicineStockViewModelTests.swift */,
				D0C2FC0C2E1DDC330020A35E /* AislesViewModelTests.swift */,
				D0C2FC0D2E1DDC330020A35E /* MedicineDetailViewModelTests.swift */,
				D0C2FC0E2E1DDC330020A35E /* MedicineFormViewModelTests.swift */,
			);
			path = ViewModels;
			sourceTree = "<group>";
		};
		D0C3DBD62E1A8BF8008D94A7 /* App */ = {
			isa = PBXGroup;
			children = (
				D0C3DBD42E1A8BF8008D94A7 /* AppCoordinator.swift */,
				D0C3DBD52E1A8BF8008D94A7 /* MainTabView.swift */,
			);
			path = App;
			sourceTree = "<group>";
		};
		D0C3DBD92E1A8BF8008D94A7 /* Extensions */ = {
			isa = PBXGroup;
			children = (
				D0C3DBD82E1A8BF8008D94A7 /* Color+Extensions.swift */,
			);
			path = Extensions;
			sourceTree = "<group>";
		};
		D0C3DBE12E1A8BF8008D94A7 /* Domain */ = {
			isa = PBXGroup;
			children = (
				D0C3DBDA2E1A8BF8008D94A7 /* Aisle.swift */,
				D0C3DBDB2E1A8BF8008D94A7 /* AuthError.swift */,
				D0C3DBDC2E1A8BF8008D94A7 /* ExportError.swift */,
				D0C3DBDD2E1A8BF8008D94A7 /* HistoryEntry.swift */,
				D0C3DBDE2E1A8BF8008D94A7 /* Medicine.swift */,
				D0C3DBDF2E1A8BF8008D94A7 /* MedicineError.swift */,
				D0C3DBE02E1A8BF8008D94A7 /* User.swift */,
			);
			path = Domain;
			sourceTree = "<group>";
		};
		D0C3DBE62E1A8BF8008D94A7 /* DTOs */ = {
			isa = PBXGroup;
			children = (
				D0C3DBE22E1A8BF8008D94A7 /* AisleDTO.swift */,
				D0C3DBE32E1A8BF8008D94A7 /* HistoryEntryDTO.swift */,
				D0C3DBE42E1A8BF8008D94A7 /* MedicineDTO.swift */,
				D0C3DBE52E1A8BF8008D94A7 /* UserDTO.swift */,
			);
			path = DTOs;
			sourceTree = "<group>";
		};
		D0C3DBE72E1A8BF8008D94A7 /* Models */ = {
			isa = PBXGroup;
			children = (
				D0C3DBE12E1A8BF8008D94A7 /* Domain */,
				D0C3DBE62E1A8BF8008D94A7 /* DTOs */,
			);
			path = Models;
			sourceTree = "<group>";
		};
		D0C3DBEC2E1A8BF8008D94A7 /* Implementations */ = {
			isa = PBXGroup;
			children = (
				D0C3DBEA2E1A8BF8008D94A7 /* FirebaseAuthRepository.swift */,
				D0C3DBEB2E1A8BF8008D94A7 /* FirebaseHistoryRepository.swift */,
			);
			path = Implementations;
			sourceTree = "<group>";
		};
		D0C3DBF02E1A8BF8008D94A7 /* Interfaces */ = {
			isa = PBXGroup;
			children = (
				D0C3DBED2E1A8BF8008D94A7 /* AuthRepositoryProtocol.swift */,
				D0C3DBEE2E1A8BF8008D94A7 /* HistoryRepositoryProtocol.swift */,
				D0C3DBEF2E1A8BF8008D94A7 /* MedicineRepositoryProtocol.swift */,
			);
			path = Interfaces;
			sourceTree = "<group>";
		};
		D0C3DBF12E1A8BF8008D94A7 /* Repositories */ = {
			isa = PBXGroup;
			children = (
				D0F74D682E2105F8004D34D5 /* FirebaseAisleRepository.swift */,
				D0F74D692E2105F8004D34D5 /* FirebaseMedicineRepository.swift */,
				D0C3DBEC2E1A8BF8008D94A7 /* Implementations */,
			);
			path = Repositories;
			sourceTree = "<group>";
		};
		D0C3DBF42E1A8BF8008D94A7 /* Implementations */ = {
			isa = PBXGroup;
			children = (
				D0C3DBF22E1A8BF8008D94A7 /* AppSyncService.swift */,
				D0C3DBF32E1A8BF8008D94A7 /* LocalCacheService.swift */,
			);
			path = Implementations;
			sourceTree = "<group>";
		};
		D0C3DBF72E1A8BF8008D94A7 /* Interfaces */ = {
			isa = PBXGroup;
			children = (
				D0C3DBF52E1A8BF8008D94A7 /* CacheServiceProtocol.swift */,
				D0C3DBF62E1A8BF8008D94A7 /* SyncServiceProtocol.swift */,
			);
			path = Interfaces;
			sourceTree = "<group>";
		};
		D0C3DBF82E1A8BF8008D94A7 /* Services */ = {
			isa = PBXGroup;
			children = (
				D0C3DBF42E1A8BF8008D94A7 /* Implementations */,
				D0C3DBF72E1A8BF8008D94A7 /* Interfaces */,
			);
			path = Services;
			sourceTree = "<group>";
		};
		D0C3DBFC2E1A8BF8008D94A7 /* Authentication */ = {
			isa = PBXGroup;
			children = (
				D0C3DBFA2E1A8BF8008D94A7 /* SignInUseCase.swift */,
				D0C3DBFB2E1A8BF8008D94A7 /* SignUpUseCase.swift */,
			);
			path = Authentication;
			sourceTree = "<group>";
		};
		D0C3DBFF2E1A8BF8008D94A7 /* Medicine */ = {
			isa = PBXGroup;
			children = (
				D0C3DBFD2E1A8BF8008D94A7 /* GetMedicinesUseCase.swift */,
				D0C3DBFE2E1A8BF8008D94A7 /* UpdateMedicineStockUseCase.swift */,
			);
			path = Medicine;
			sourceTree = "<group>";
		};
		D0C3DC012E1A8BF8008D94A7 /* UseCases */ = {
			isa = PBXGroup;
			children = (
				D0C3DBFC2E1A8BF8008D94A7 /* Authentication */,
				D0C3DBFF2E1A8BF8008D94A7 /* Medicine */,
			);
			path = UseCases;
			sourceTree = "<group>";
		};
		D0C3DC022E1A8BF8008D94A7 /* Utilities */ = {
			isa = PBXGroup;
			children = (
				D0C3DBF02E1A8BF8008D94A7 /* Interfaces */,
			);
			path = Utilities;
			sourceTree = "<group>";
		};
		D0C3DC042E1A8BF8008D94A7 /* Aisle */ = {
			isa = PBXGroup;
			children = (
				D0C3DC032E1A8BF8008D94A7 /* AislesViewModel.swift */,
				D0F74D5C2E20E1AA004D34D5 /* AisleFormViewModel.swift */,
			);
			path = Aisle;
			sourceTree = "<group>";
		};
		D0C3DC062E1A8BF8008D94A7 /* Authentication */ = {
			isa = PBXGroup;
			children = (
				D0C3DC052E1A8BF8008D94A7 /* AuthViewModel.swift */,
			);
			path = Authentication;
			sourceTree = "<group>";
		};
		D0C3DC082E1A8BF8008D94A7 /* Dashboard */ = {
			isa = PBXGroup;
			children = (
				D0C3DC072E1A8BF8008D94A7 /* DashboardViewModel.swift */,
			);
			path = Dashboard;
			sourceTree = "<group>";
		};
		D0C3DC0A2E1A8BF8008D94A7 /* History */ = {
			isa = PBXGroup;
			children = (
				D0C3DC092E1A8BF8008D94A7 /* HistoryViewModel.swift */,
			);
			path = History;
			sourceTree = "<group>";
		};
		D0C3DC0D2E1A8BF8008D94A7 /* Medicine */ = {
			isa = PBXGroup;
			children = (
				D0F74D5E2E20E1DA004D34D5 /* AdjustStockViewModel.swift */,
				D0C3DC0B2E1A8BF8008D94A7 /* MedicineDetailViewModel.swift */,
				D0C3DC0C2E1A8BF8008D94A7 /* MedicineFormViewModel.swift */,
			);
			path = Medicine;
			sourceTree = "<group>";
		};
		D0C3DC0E2E1A8BF8008D94A7 /* Stock */ = {
			isa = PBXGroup;
			children = (
				53E0D8DD2C0609A800DE1134 /* MedicineStockViewModel.swift */,
			);
			path = Stock;
			sourceTree = "<group>";
		};
		D0C3DC0F2E1A8BF8008D94A7 /* ViewModels */ = {
			isa = PBXGroup;
			children = (
				D0C3DC042E1A8BF8008D94A7 /* Aisle */,
				D0C3DC062E1A8BF8008D94A7 /* Authentication */,
				D0C3DC082E1A8BF8008D94A7 /* Dashboard */,
				D0C3DC0A2E1A8BF8008D94A7 /* History */,
				D0C3DC0D2E1A8BF8008D94A7 /* Medicine */,
				D0C3DC0E2E1A8BF8008D94A7 /* Stock */,
			);
			path = ViewModels;
			sourceTree = "<group>";
		};
		D0C3DC122E1A8BF8008D94A7 /* Aisle */ = {
			isa = PBXGroup;
			children = (
				D0C3DC102E1A8BF8008D94A7 /* AisleFormView.swift */,
				D0C3DC112E1A8BF8008D94A7 /* AislesView.swift */,
			);
			path = Aisle;
			sourceTree = "<group>";
		};
		D0C3DC162E1A8BF8008D94A7 /* Auth */ = {
			isa = PBXGroup;
			children = (
				D0C3DC132E1A8BF8008D94A7 /* LoginView.swift */,
				D0C3DC142E1A8BF8008D94A7 /* PasswordResetView.swift */,
				D0C3DC152E1A8BF8008D94A7 /* SignUpView.swift */,
			);
			path = Auth;
			sourceTree = "<group>";
		};
		D0C3DC1B2E1A8BF8008D94A7 /* Common */ = {
			isa = PBXGroup;
			children = (
				D0C3DC182E1A8BF8008D94A7 /* MessageView.swift */,
				D0C3DC192E1A8BF8008D94A7 /* PrimaryButton.swift */,
				D0C3DC1A2E1A8BF8008D94A7 /* StyledTextField.swift */,
			);
			path = Common;
			sourceTree = "<group>";
		};
		D0C3DC1D2E1A8BF8008D94A7 /* Dashboard */ = {
			isa = PBXGroup;
			children = (
				D0C3DC1C2E1A8BF8008D94A7 /* DashboardView.swift */,
			);
			path = Dashboard;
			sourceTree = "<group>";
		};
		D0C3DC1F2E1A8BF8008D94A7 /* History */ = {
			isa = PBXGroup;
			children = (
				D0C3DC1E2E1A8BF8008D94A7 /* HistoryView.swift */,
			);
			path = History;
			sourceTree = "<group>";
		};
		D0C3DC242E1A8BF8008D94A7 /* Medicine */ = {
			isa = PBXGroup;
			children = (
				D0C3DC202E1A8BF8008D94A7 /* AdjustStockView.swift */,
				D0C3DC212E1A8BF8008D94A7 /* MedicineDetailView.swift */,
				D0C3DC222E1A8BF8008D94A7 /* MedicineFormView.swift */,
				D0C3DC232E1A8BF8008D94A7 /* MedicineListView.swift */,
			);
			path = Medicine;
			sourceTree = "<group>";
		};
		D0C3DC262E1A8BF8008D94A7 /* Views */ = {
			isa = PBXGroup;
			children = (
				D0C3DC122E1A8BF8008D94A7 /* Aisle */,
				D0C3DC162E1A8BF8008D94A7 /* Auth */,
				D0C3DC1B2E1A8BF8008D94A7 /* Common */,
				D0C3DC1D2E1A8BF8008D94A7 /* Dashboard */,
				D0C3DC1F2E1A8BF8008D94A7 /* History */,
				D0C3DC242E1A8BF8008D94A7 /* Medicine */,
			);
			path = Views;
			sourceTree = "<group>";
		};
/* End PBXGroup section */

/* Begin PBXNativeTarget section */
		53E0D8922C06084700DE1134 /* MediStock */ = {
			isa = PBXNativeTarget;
			buildConfigurationList = 53E0D8B72C06084900DE1134 /* Build configuration list for PBXNativeTarget "MediStock" */;
			buildPhases = (
				53E0D88F2C06084700DE1134 /* Sources */,
				53E0D8902C06084700DE1134 /* Frameworks */,
				53E0D8912C06084700DE1134 /* Resources */,
			);
			buildRules = (
			);
			dependencies = (
			);
			name = MediStock;
			packageProductDependencies = (
				D0C3DBD22E1A6CD8008D94A7 /* FirebaseFunctions */,
				D0C3DC582E1A9E0B008D94A7 /* FirebaseAnalytics */,
				D0C3DC5A2E1A9E0B008D94A7 /* FirebaseAuth */,
				D0C3DC5C2E1A9E0B008D94A7 /* FirebaseAuthCombine-Community */,
				D0C3DC5E2E1A9E0B008D94A7 /* FirebaseCore */,
				D0C3DC602E1A9E0B008D94A7 /* FirebaseDatabase */,
				D0C3DC622E1A9E0B008D94A7 /* FirebaseFirestore */,
				D0C3DC642E1A9E0B008D94A7 /* FirebaseFirestoreCombine-Community */,
				D0C3DC662E1A9E0B008D94A7 /* FirebaseFunctions */,
				D0C3DC682E1A9E0B008D94A7 /* FirebaseInstallations */,
				D0C3DC6A2E1A9E0B008D94A7 /* FirebasePerformance */,
				D0C3DC6C2E1A9E0B008D94A7 /* FirebaseStorage */,
				D0C3DC6E2E1A9E0B008D94A7 /* FirebaseStorageCombine-Community */,
			);
			productName = MediStock;
			productReference = D01689E62E1E40C000520437 /* MediStock.app */;
			productType = "com.apple.product-type.application";
		};
		53E0D8A22C06084900DE1134 /* MediStockTests */ = {
			isa = PBXNativeTarget;
			buildConfigurationList = 53E0D8BA2C06084900DE1134 /* Build configuration list for PBXNativeTarget "MediStockTests" */;
			buildPhases = (
				53E0D89F2C06084900DE1134 /* Sources */,
				53E0D8A02C06084900DE1134 /* Frameworks */,
				53E0D8A12C06084900DE1134 /* Resources */,
			);
			buildRules = (
			);
			dependencies = (
				53E0D8A52C06084900DE1134 /* PBXTargetDependency */,
			);
			name = MediStockTests;
			productName = MediStockTests;
			productReference = D01689E72E1E40C000520437 /* MediStockTests.xctest */;
			productType = "com.apple.product-type.bundle.unit-test";
		};
		53E0D8AC2C06084900DE1134 /* MediStockUITests */ = {
			isa = PBXNativeTarget;
			buildConfigurationList = 53E0D8BD2C06084900DE1134 /* Build configuration list for PBXNativeTarget "MediStockUITests" */;
			buildPhases = (
				53E0D8A92C06084900DE1134 /* Sources */,
				53E0D8AA2C06084900DE1134 /* Frameworks */,
				53E0D8AB2C06084900DE1134 /* Resources */,
			);
			buildRules = (
			);
			dependencies = (
				53E0D8AF2C06084900DE1134 /* PBXTargetDependency */,
			);
			name = MediStockUITests;
			productName = MediStockUITests;
			productReference = D01689E82E1E40C000520437 /* MediStockUITests.xctest */;
			productType = "com.apple.product-type.bundle.ui-testing";
		};
/* End PBXNativeTarget section */

/* Begin PBXProject section */
		53E0D88B2C06084700DE1134 /* Project object */ = {
			isa = PBXProject;
			attributes = {
				BuildIndependentTargetsInParallel = 1;
				LastSwiftUpdateCheck = 1540;
				LastUpgradeCheck = 1540;
				TargetAttributes = {
					53E0D8922C06084700DE1134 = {
						CreatedOnToolsVersion = 15.4;
					};
					53E0D8A22C06084900DE1134 = {
						CreatedOnToolsVersion = 15.4;
						TestTargetID = 53E0D8922C06084700DE1134;
					};
					53E0D8AC2C06084900DE1134 = {
						CreatedOnToolsVersion = 15.4;
						TestTargetID = 53E0D8922C06084700DE1134;
					};
				};
			};
			buildConfigurationList = 53E0D88E2C06084700DE1134 /* Build configuration list for PBXProject "MediStock" */;
			compatibilityVersion = "Xcode 14.0";
			developmentRegion = en;
			hasScannedForEncodings = 0;
			knownRegions = (
				en,
				Base,
			);
			mainGroup = 53E0D88A2C06084700DE1134;
			packageReferences = (
				D0C3DC572E1A9E0B008D94A7 /* XCRemoteSwiftPackageReference "firebase-ios-sdk" */,
			);
			productRefGroup = 53E0D88A2C06084700DE1134;
			projectDirPath = "";
			projectRoot = "";
			targets = (
				53E0D8922C06084700DE1134 /* MediStock */,
				53E0D8A22C06084900DE1134 /* MediStockTests */,
				53E0D8AC2C06084900DE1134 /* MediStockUITests */,
			);
		};
/* End PBXProject section */

/* Begin PBXResourcesBuildPhase section */
		53E0D8912C06084700DE1134 /* Resources */ = {
			isa = PBXResourcesBuildPhase;
			buildActionMask = 2147483647;
			files = (
				D0C3DBD12E1A6B70008D94A7 /* GoogleService-Info.plist in Resources */,
				53E0D89B2C06084900DE1134 /* Assets.xcassets in Resources */,
				53E0D8E42C0660FD00DE1134 /* GoogleService-Info.plist in Resources */,
			);
			runOnlyForDeploymentPostprocessing = 0;
		};
		53E0D8A12C06084900DE1134 /* Resources */ = {
			isa = PBXResourcesBuildPhase;
			buildActionMask = 2147483647;
			files = (
			);
			runOnlyForDeploymentPostprocessing = 0;
		};
		53E0D8AB2C06084900DE1134 /* Resources */ = {
			isa = PBXResourcesBuildPhase;
			buildActionMask = 2147483647;
			files = (
			);
			runOnlyForDeploymentPostprocessing = 0;
		};
/* End PBXResourcesBuildPhase section */

/* Begin PBXSourcesBuildPhase section */
		53E0D88F2C06084700DE1134 /* Sources */ = {
			isa = PBXSourcesBuildPhase;
			buildActionMask = 2147483647;
			files = (
				53E0D8E22C065FFE00DE1134 /* AppDelegate.swift in Sources */,
				D0C3DC272E1A8BF8008D94A7 /* User.swift in Sources */,
				D0C3DC282E1A8BF8008D94A7 /* AppCoordinator.swift in Sources */,
				D0C3DC292E1A8BF8008D94A7 /* MessageView.swift in Sources */,
				D0C3DC2A2E1A8BF8008D94A7 /* MedicineListView.swift in Sources */,
				D0C3DC2B2E1A8BF8008D94A7 /* ExportError.swift in Sources */,
				D0C3DC2C2E1A8BF8008D94A7 /* DashboardView.swift in Sources */,
				D0C3DC2D2E1A8BF8008D94A7 /* MedicineDTO.swift in Sources */,
				D0C3DC2E2E1A8BF8008D94A7 /* HistoryEntry.swift in Sources */,
				D0C3DC2F2E1A8BF8008D94A7 /* SignInUseCase.swift in Sources */,
				D0C3DC302E1A8BF8008D94A7 /* HistoryViewModel.swift in Sources */,
				D0C3DC312E1A8BF8008D94A7 /* AisleFormView.swift in Sources */,
				D0C3DC322E1A8BF8008D94A7 /* AislesView.swift in Sources */,
				D0C3DC332E1A8BF8008D94A7 /* LoginView.swift in Sources */,
				D0C3DC342E1A8BF8008D94A7 /* UserDTO.swift in Sources */,
				D0C3DC352E1A8BF8008D94A7 /* DashboardViewModel.swift in Sources */,
				D0C3DC362E1A8BF8008D94A7 /* SyncServiceProtocol.swift in Sources */,
				D0C3DC372E1A8BF8008D94A7 /* MedicineError.swift in Sources */,
				D0C3DC382E1A8BF8008D94A7 /* FirebaseHistoryRepository.swift in Sources */,
				D0C3DC392E1A8BF8008D94A7 /* AisleDTO.swift in Sources */,
				D0C3DC3A2E1A8BF8008D94A7 /* AuthViewModel.swift in Sources */,
				D0C3DC3B2E1A8BF8008D94A7 /* SignUpUseCase.swift in Sources */,
				D0C3DC3C2E1A8BF8008D94A7 /* MedicineRepositoryProtocol.swift in Sources */,
				D0C3DC3D2E1A8BF8008D94A7 /* Color+Extensions.swift in Sources */,
				D0F74D5F2E20E1DA004D34D5 /* AdjustStockViewModel.swift in Sources */,
				D0C3DC3E2E1A8BF8008D94A7 /* PasswordResetView.swift in Sources */,
				D0C3DC3F2E1A8BF8008D94A7 /* StyledTextField.swift in Sources */,
				D0C3DC402E1A8BF8008D94A7 /* Medicine.swift in Sources */,
				D0C3DC412E1A8BF8008D94A7 /* AuthError.swift in Sources */,
				D0C3DC422E1A8BF8008D94A7 /* SignUpView.swift in Sources */,
				D0C3DC432E1A8BF8008D94A7 /* LocalCacheService.swift in Sources */,
				D0C3DC442E1A8BF8008D94A7 /* MedicineDetailViewModel.swift in Sources */,
				D0C3DC452E1A8BF8008D94A7 /* HistoryView.swift in Sources */,
				D0C3DC462E1A8BF8008D94A7 /* MedicineDetailView.swift in Sources */,
				D0C3DC472E1A8BF8008D94A7 /* FirebaseAuthRepository.swift in Sources */,
				D0C3DC482E1A8BF8008D94A7 /* CacheServiceProtocol.swift in Sources */,
				D0C3DC492E1A8BF8008D94A7 /* HistoryEntryDTO.swift in Sources */,
				D0C3DC4A2E1A8BF8008D94A7 /* UpdateMedicineStockUseCase.swift in Sources */,
				D0F74D6A2E2105F8004D34D5 /* FirebaseAisleRepository.swift in Sources */,
				D0F74D6B2E2105F8004D34D5 /* FirebaseMedicineRepository.swift in Sources */,
				D0C3DC4B2E1A8BF8008D94A7 /* MedicineFormViewModel.swift in Sources */,
				D0C3DC4C2E1A8BF8008D94A7 /* AppSyncService.swift in Sources */,
				D0C3DC4D2E1A8BF8008D94A7 /* MainTabView.swift in Sources */,
				D0C3DC4E2E1A8BF8008D94A7 /* AuthRepositoryProtocol.swift in Sources */,
				D0C3DC4F2E1A8BF8008D94A7 /* MedicineFormView.swift in Sources */,
				D0C3DC502E1A8BF8008D94A7 /* AislesViewModel.swift in Sources */,
				D0C3DC512E1A8BF8008D94A7 /* HistoryRepositoryProtocol.swift in Sources */,
				D0C3DC522E1A8BF8008D94A7 /* PrimaryButton.swift in Sources */,
				D0C3DC532E1A8BF8008D94A7 /* AdjustStockView.swift in Sources */,
				D0C3DC542E1A8BF8008D94A7 /* Aisle.swift in Sources */,
				D0C3DC552E1A8BF8008D94A7 /* GetMedicinesUseCase.swift in Sources */,
				53E0D8E02C0609B900DE1134 /* SessionStore.swift in Sources */,
				D0F74D5D2E20E1AA004D34D5 /* AisleFormViewModel.swift in Sources */,
				53E0D8DE2C0609A800DE1134 /* MedicineStockViewModel.swift in Sources */,
				53E0D8992C06084700DE1134 /* ContentView.swift in Sources */,
				53E0D8972C06084700DE1134 /* MediStockApp.swift in Sources */,
			);
			runOnlyForDeploymentPostprocessing = 0;
		};
		53E0D89F2C06084900DE1134 /* Sources */ = {
			isa = PBXSourcesBuildPhase;
			buildActionMask = 2147483647;
			files = (
				D0C2FC102E1DDC330020A35E /* UpdateMedicineStockUseCaseTests.swift in Sources */,
				D0C2FC112E1DDC330020A35E /* ExportErrorTests.swift in Sources */,
				D0C2FC122E1DDC330020A35E /* SignUpUseCaseTests.swift in Sources */,
				D0C2FC132E1DDC330020A35E /* UserDTOTests.swift in Sources */,
				D0C2FC142E1DDC330020A35E /* HistoryEntryTests.swift in Sources */,
				D0C2FC152E1DDC330020A35E /* UserTests.swift in Sources */,
				D0C2FC162E1DDC330020A35E /* MedicineFormViewModelTests.swift in Sources */,
				D0C2FC172E1DDC330020A35E /* RealGetAislesUseCaseTests.swift in Sources */,
				D0C2FC182E1DDC330020A35E /* MedicineTests.swift in Sources */,
				D0C2FC192E1DDC330020A35E /* RealAddAisleUseCaseTests.swift in Sources */,
				D0C2FC1A2E1DDC330020A35E /* AisleDTOTests.swift in Sources */,
				D0C2FC1B2E1DDC330020A35E /* RealGetHistoryUseCaseTests.swift in Sources */,
				D0C2FC3A2E1DE7B50020A35E /* TestDependencyContainer.swift in Sources */,
				D0C2FC1C2E1DDC330020A35E /* RealAddMedicineUseCaseExtraTests.swift in Sources */,
				D0C2FC1D2E1DDC330020A35E /* TestHelpers.swift in Sources */,
				D0C2FC1E2E1DDC330020A35E /* MedicineErrorTests.swift in Sources */,
				D0C2FC1F2E1DDC330020A35E /* TestMedicineDataServiceTests.swift in Sources */,
				D0C2FC202E1DDC330020A35E /* RealAddMedicineUseCaseTests.swift in Sources */,
				D0C2FC212E1DDC330020A35E /* MedicineDTOTests.swift in Sources */,
				D0C2FC222E1DDC330020A35E /* FirebaseAuthRepositoryTestsExtended.swift in Sources */,
				D0C2FC232E1DDC330020A35E /* MockRepositories.swift in Sources */,
				D0C2FC242E1DDC330020A35E /* ColorExtensionsTests.swift in Sources */,
				D0C2FC252E1DDC330020A35E /* RealGetRecentHistoryUseCaseTests.swift in Sources */,
				D0C2FC262E1DDC330020A35E /* TestUtilitiesTests.swift in Sources */,
				D0F74D672E210008004D34D5 /* FirebaseAuthRepositoryTests.swift in Sources */,
				D0C2FC272E1DDC330020A35E /* AuthErrorTests.swift in Sources */,
				D0C2FC282E1DDC330020A35E /* GetUserUseCaseTests.swift in Sources */,
				D0C2FC292E1DDC330020A35E /* MockUseCases.swift in Sources */,
				D0C2FC2A2E1DDC330020A35E /* AislesViewModelTests.swift in Sources */,
				D0C2FC2C2E1DDC330020A35E /* HistoryEntryDTOTests.swift in Sources */,
				D0C2FC2D2E1DDC330020A35E /* SignOutUseCaseTests.swift in Sources */,
				D0F74D632E20F7E3004D34D5 /* MockRepositories.swift in Sources */,
				D0F74D642E20F7E3004D34D5 /* FirebaseAisleRepositoryTests.swift in Sources */,
				D0F74D652E20F7E3004D34D5 /* FirebaseMedicineRepositoryTests.swift in Sources */,
				D0C2FC2E2E1DDC330020A35E /* SignInUseCaseTests.swift in Sources */,
				D0C2FC2F2E1DDC330020A35E /* StringExtensionsTests.swift in Sources */,
				D0C2FC302E1DDC330020A35E /* MedicineDetailViewModelTests.swift in Sources */,
				D0C2FC312E1DDC330020A35E /* LocalCacheServiceTests.swift in Sources */,
				D044AEC32E2013E800D6F02A /* DashboardViewModelTests.swift in Sources */,
				D044AEC42E2013E800D6F02A /* HistoryViewModelTests.swift in Sources */,
				D044AEC52E2013E800D6F02A /* AuthViewModelTests.swift in Sources */,
				D044AEC62E2013E800D6F02A /* AdjustStockViewModelTests.swift in Sources */,
				D044AEC72E2013E800D6F02A /* MedicineStockViewModelTests.swift in Sources */,
				D044AEC82E2013E800D6F02A /* AisleFormViewModelTests.swift in Sources */,
				D0C2FC322E1DDC330020A35E /* AisleTests.swift in Sources */,
				D0C2FC332E1DDC330020A35E /* RealSearchAisleUseCaseTests.swift in Sources */,
				D0C2FC342E1DDC330020A35E /* FirebaseHistoryRepositoryTests.swift in Sources */,
				D0C2FC352E1DDC330020A35E /* DateExtensionsTests.swift in Sources */,
				D0C2FC362E1DDC330020A35E /* RealSearchMedicineUseCaseTests.swift in Sources */,
			);
			runOnlyForDeploymentPostprocessing = 0;
		};
		53E0D8A92C06084900DE1134 /* Sources */ = {
			isa = PBXSourcesBuildPhase;
			buildActionMask = 2147483647;
			files = (
			);
			runOnlyForDeploymentPostprocessing = 0;
		};
/* End PBXSourcesBuildPhase section */

/* Begin PBXTargetDependency section */
		53E0D8A52C06084900DE1134 /* PBXTargetDependency */ = {
			isa = PBXTargetDependency;
			target = 53E0D8922C06084700DE1134 /* MediStock */;
			targetProxy = 53E0D8A42C06084900DE1134 /* PBXContainerItemProxy */;
		};
		53E0D8AF2C06084900DE1134 /* PBXTargetDependency */ = {
			isa = PBXTargetDependency;
			target = 53E0D8922C06084700DE1134 /* MediStock */;
			targetProxy = 53E0D8AE2C06084900DE1134 /* PBXContainerItemProxy */;
		};
/* End PBXTargetDependency section */

/* Begin XCBuildConfiguration section */
		53E0D8B52C06084900DE1134 /* Debug */ = {
			isa = XCBuildConfiguration;
			buildSettings = {
				ALWAYS_SEARCH_USER_PATHS = NO;
				ASSETCATALOG_COMPILER_GENERATE_SWIFT_ASSET_SYMBOL_EXTENSIONS = YES;
				CLANG_ANALYZER_NONNULL = YES;
				CLANG_ANALYZER_NUMBER_OBJECT_CONVERSION = YES_AGGRESSIVE;
				CLANG_CXX_LANGUAGE_STANDARD = "gnu++20";
				CLANG_ENABLE_MODULES = YES;
				CLANG_ENABLE_OBJC_ARC = YES;
				CLANG_ENABLE_OBJC_WEAK = YES;
				CLANG_WARN_BLOCK_CAPTURE_AUTORELEASING = YES;
				CLANG_WARN_BOOL_CONVERSION = YES;
				CLANG_WARN_COMMA = YES;
				CLANG_WARN_CONSTANT_CONVERSION = YES;
				CLANG_WARN_DEPRECATED_OBJC_IMPLEMENTATIONS = YES;
				CLANG_WARN_DIRECT_OBJC_ISA_USAGE = YES_ERROR;
				CLANG_WARN_DOCUMENTATION_COMMENTS = YES;
				CLANG_WARN_EMPTY_BODY = YES;
				CLANG_WARN_ENUM_CONVERSION = YES;
				CLANG_WARN_INFINITE_RECURSION = YES;
				CLANG_WARN_INT_CONVERSION = YES;
				CLANG_WARN_NON_LITERAL_NULL_CONVERSION = YES;
				CLANG_WARN_OBJC_IMPLICIT_RETAIN_SELF = YES;
				CLANG_WARN_OBJC_LITERAL_CONVERSION = YES;
				CLANG_WARN_OBJC_ROOT_CLASS = YES_ERROR;
				CLANG_WARN_QUOTED_INCLUDE_IN_FRAMEWORK_HEADER = YES;
				CLANG_WARN_RANGE_LOOP_ANALYSIS = YES;
				CLANG_WARN_STRICT_PROTOTYPES = YES;
				CLANG_WARN_SUSPICIOUS_MOVE = YES;
				CLANG_WARN_UNGUARDED_AVAILABILITY = YES_AGGRESSIVE;
				CLANG_WARN_UNREACHABLE_CODE = YES;
				CLANG_WARN__DUPLICATE_METHOD_MATCH = YES;
				COPY_PHASE_STRIP = NO;
				DEBUG_INFORMATION_FORMAT = dwarf;
				ENABLE_STRICT_OBJC_MSGSEND = YES;
				ENABLE_TESTABILITY = YES;
				ENABLE_USER_SCRIPT_SANDBOXING = YES;
				GCC_C_LANGUAGE_STANDARD = gnu17;
				GCC_DYNAMIC_NO_PIC = NO;
				GCC_NO_COMMON_BLOCKS = YES;
				GCC_OPTIMIZATION_LEVEL = 0;
				GCC_PREPROCESSOR_DEFINITIONS = (
					"DEBUG=1",
					"$(inherited)",
				);
				GCC_WARN_64_TO_32_BIT_CONVERSION = YES;
				GCC_WARN_ABOUT_RETURN_TYPE = YES_ERROR;
				GCC_WARN_UNDECLARED_SELECTOR = YES;
				GCC_WARN_UNINITIALIZED_AUTOS = YES_AGGRESSIVE;
				GCC_WARN_UNUSED_FUNCTION = YES;
				GCC_WARN_UNUSED_VARIABLE = YES;
				IPHONEOS_DEPLOYMENT_TARGET = 17.5;
				LOCALIZATION_PREFERS_STRING_CATALOGS = YES;
				MTL_ENABLE_DEBUG_INFO = INCLUDE_SOURCE;
				MTL_FAST_MATH = YES;
				ONLY_ACTIVE_ARCH = YES;
				SDKROOT = iphoneos;
				SWIFT_ACTIVE_COMPILATION_CONDITIONS = "DEBUG $(inherited)";
				SWIFT_OPTIMIZATION_LEVEL = "-Onone";
			};
			name = Debug;
		};
		53E0D8B62C06084900DE1134 /* Release */ = {
			isa = XCBuildConfiguration;
			buildSettings = {
				ALWAYS_SEARCH_USER_PATHS = NO;
				ASSETCATALOG_COMPILER_GENERATE_SWIFT_ASSET_SYMBOL_EXTENSIONS = YES;
				CLANG_ANALYZER_NONNULL = YES;
				CLANG_ANALYZER_NUMBER_OBJECT_CONVERSION = YES_AGGRESSIVE;
				CLANG_CXX_LANGUAGE_STANDARD = "gnu++20";
				CLANG_ENABLE_MODULES = YES;
				CLANG_ENABLE_OBJC_ARC = YES;
				CLANG_ENABLE_OBJC_WEAK = YES;
				CLANG_WARN_BLOCK_CAPTURE_AUTORELEASING = YES;
				CLANG_WARN_BOOL_CONVERSION = YES;
				CLANG_WARN_COMMA = YES;
				CLANG_WARN_CONSTANT_CONVERSION = YES;
				CLANG_WARN_DEPRECATED_OBJC_IMPLEMENTATIONS = YES;
				CLANG_WARN_DIRECT_OBJC_ISA_USAGE = YES_ERROR;
				CLANG_WARN_DOCUMENTATION_COMMENTS = YES;
				CLANG_WARN_EMPTY_BODY = YES;
				CLANG_WARN_ENUM_CONVERSION = YES;
				CLANG_WARN_INFINITE_RECURSION = YES;
				CLANG_WARN_INT_CONVERSION = YES;
				CLANG_WARN_NON_LITERAL_NULL_CONVERSION = YES;
				CLANG_WARN_OBJC_IMPLICIT_RETAIN_SELF = YES;
				CLANG_WARN_OBJC_LITERAL_CONVERSION = YES;
				CLANG_WARN_OBJC_ROOT_CLASS = YES_ERROR;
				CLANG_WARN_QUOTED_INCLUDE_IN_FRAMEWORK_HEADER = YES;
				CLANG_WARN_RANGE_LOOP_ANALYSIS = YES;
				CLANG_WARN_STRICT_PROTOTYPES = YES;
				CLANG_WARN_SUSPICIOUS_MOVE = YES;
				CLANG_WARN_UNGUARDED_AVAILABILITY = YES_AGGRESSIVE;
				CLANG_WARN_UNREACHABLE_CODE = YES;
				CLANG_WARN__DUPLICATE_METHOD_MATCH = YES;
				COPY_PHASE_STRIP = NO;
				DEBUG_INFORMATION_FORMAT = "dwarf-with-dsym";
				ENABLE_NS_ASSERTIONS = NO;
				ENABLE_STRICT_OBJC_MSGSEND = YES;
				ENABLE_USER_SCRIPT_SANDBOXING = YES;
				GCC_C_LANGUAGE_STANDARD = gnu17;
				GCC_NO_COMMON_BLOCKS = YES;
				GCC_WARN_64_TO_32_BIT_CONVERSION = YES;
				GCC_WARN_ABOUT_RETURN_TYPE = YES_ERROR;
				GCC_WARN_UNDECLARED_SELECTOR = YES;
				GCC_WARN_UNINITIALIZED_AUTOS = YES_AGGRESSIVE;
				GCC_WARN_UNUSED_FUNCTION = YES;
				GCC_WARN_UNUSED_VARIABLE = YES;
				IPHONEOS_DEPLOYMENT_TARGET = 17.5;
				LOCALIZATION_PREFERS_STRING_CATALOGS = YES;
				MTL_ENABLE_DEBUG_INFO = NO;
				MTL_FAST_MATH = YES;
				SDKROOT = iphoneos;
				SWIFT_COMPILATION_MODE = wholemodule;
				VALIDATE_PRODUCT = YES;
			};
			name = Release;
		};
		53E0D8B82C06084900DE1134 /* Debug */ = {
			isa = XCBuildConfiguration;
			buildSettings = {
				ASSETCATALOG_COMPILER_APPICON_NAME = AppIcon;
				ASSETCATALOG_COMPILER_GLOBAL_ACCENT_COLOR_NAME = AccentColor;
				CODE_SIGN_STYLE = Automatic;
				CURRENT_PROJECT_VERSION = 1;
				DEVELOPMENT_ASSET_PATHS = "\"MediStock/Preview Content\"";
				DEVELOPMENT_TEAM = 5FZ8ZXZS35;
				ENABLE_PREVIEWS = YES;
				GENERATE_INFOPLIST_FILE = YES;
				INFOPLIST_KEY_UIApplicationSceneManifest_Generation = YES;
				INFOPLIST_KEY_UIApplicationSupportsIndirectInputEvents = YES;
				INFOPLIST_KEY_UILaunchScreen_Generation = YES;
				INFOPLIST_KEY_UISupportedInterfaceOrientations_iPad = "UIInterfaceOrientationPortrait UIInterfaceOrientationPortraitUpsideDown UIInterfaceOrientationLandscapeLeft UIInterfaceOrientationLandscapeRight";
				INFOPLIST_KEY_UISupportedInterfaceOrientations_iPhone = "UIInterfaceOrientationPortrait UIInterfaceOrientationLandscapeLeft UIInterfaceOrientationLandscapeRight";
				LD_RUNPATH_SEARCH_PATHS = (
					"$(inherited)",
					"@executable_path/Frameworks",
				);
				MARKETING_VERSION = 1.0;
				PRODUCT_BUNDLE_IDENTIFIER = com.Tlili.MediStock;
				PRODUCT_NAME = "$(TARGET_NAME)";
				SWIFT_EMIT_LOC_STRINGS = YES;
				SWIFT_VERSION = 5.0;
				TARGETED_DEVICE_FAMILY = "1,2";
			};
			name = Debug;
		};
		53E0D8B92C06084900DE1134 /* Release */ = {
			isa = XCBuildConfiguration;
			buildSettings = {
				ASSETCATALOG_COMPILER_APPICON_NAME = AppIcon;
				ASSETCATALOG_COMPILER_GLOBAL_ACCENT_COLOR_NAME = AccentColor;
				CODE_SIGN_STYLE = Automatic;
				CURRENT_PROJECT_VERSION = 1;
				DEVELOPMENT_ASSET_PATHS = "\"MediStock/Preview Content\"";
				DEVELOPMENT_TEAM = 5FZ8ZXZS35;
				ENABLE_PREVIEWS = YES;
				GENERATE_INFOPLIST_FILE = YES;
				INFOPLIST_KEY_UIApplicationSceneManifest_Generation = YES;
				INFOPLIST_KEY_UIApplicationSupportsIndirectInputEvents = YES;
				INFOPLIST_KEY_UILaunchScreen_Generation = YES;
				INFOPLIST_KEY_UISupportedInterfaceOrientations_iPad = "UIInterfaceOrientationPortrait UIInterfaceOrientationPortraitUpsideDown UIInterfaceOrientationLandscapeLeft UIInterfaceOrientationLandscapeRight";
				INFOPLIST_KEY_UISupportedInterfaceOrientations_iPhone = "UIInterfaceOrientationPortrait UIInterfaceOrientationLandscapeLeft UIInterfaceOrientationLandscapeRight";
				LD_RUNPATH_SEARCH_PATHS = (
					"$(inherited)",
					"@executable_path/Frameworks",
				);
				MARKETING_VERSION = 1.0;
				PRODUCT_BUNDLE_IDENTIFIER = com.Tlili.MediStock;
				PRODUCT_NAME = "$(TARGET_NAME)";
				SWIFT_EMIT_LOC_STRINGS = YES;
				SWIFT_VERSION = 5.0;
				TARGETED_DEVICE_FAMILY = "1,2";
			};
			name = Release;
		};
		53E0D8BB2C06084900DE1134 /* Debug */ = {
			isa = XCBuildConfiguration;
			buildSettings = {
				BUNDLE_LOADER = "$(TEST_HOST)";
				CODE_SIGN_STYLE = Automatic;
				CURRENT_PROJECT_VERSION = 1;
				GENERATE_INFOPLIST_FILE = YES;
				IPHONEOS_DEPLOYMENT_TARGET = 17.5;
				MARKETING_VERSION = 1.0;
				PRODUCT_BUNDLE_IDENTIFIER = com.rebonnte.MediStockTests;
				PRODUCT_NAME = "$(TARGET_NAME)";
				SWIFT_EMIT_LOC_STRINGS = NO;
				SWIFT_VERSION = 5.0;
				TARGETED_DEVICE_FAMILY = "1,2";
				TEST_HOST = "$(BUILT_PRODUCTS_DIR)/MediStock.app/$(BUNDLE_EXECUTABLE_FOLDER_PATH)/MediStock";
			};
			name = Debug;
		};
		53E0D8BC2C06084900DE1134 /* Release */ = {
			isa = XCBuildConfiguration;
			buildSettings = {
				BUNDLE_LOADER = "$(TEST_HOST)";
				CODE_SIGN_STYLE = Automatic;
				CURRENT_PROJECT_VERSION = 1;
				GENERATE_INFOPLIST_FILE = YES;
				IPHONEOS_DEPLOYMENT_TARGET = 17.5;
				MARKETING_VERSION = 1.0;
				PRODUCT_BUNDLE_IDENTIFIER = com.rebonnte.MediStockTests;
				PRODUCT_NAME = "$(TARGET_NAME)";
				SWIFT_EMIT_LOC_STRINGS = NO;
				SWIFT_VERSION = 5.0;
				TARGETED_DEVICE_FAMILY = "1,2";
				TEST_HOST = "$(BUILT_PRODUCTS_DIR)/MediStock.app/$(BUNDLE_EXECUTABLE_FOLDER_PATH)/MediStock";
			};
			name = Release;
		};
		53E0D8BE2C06084900DE1134 /* Debug */ = {
			isa = XCBuildConfiguration;
			buildSettings = {
				CODE_SIGN_STYLE = Automatic;
				CURRENT_PROJECT_VERSION = 1;
				GENERATE_INFOPLIST_FILE = YES;
				MARKETING_VERSION = 1.0;
				PRODUCT_BUNDLE_IDENTIFIER = com.rebonnte.MediStockUITests;
				PRODUCT_NAME = "$(TARGET_NAME)";
				SWIFT_EMIT_LOC_STRINGS = NO;
				SWIFT_VERSION = 5.0;
				TARGETED_DEVICE_FAMILY = "1,2";
				TEST_TARGET_NAME = MediStock;
			};
			name = Debug;
		};
		53E0D8BF2C06084900DE1134 /* Release */ = {
			isa = XCBuildConfiguration;
			buildSettings = {
				CODE_SIGN_STYLE = Automatic;
				CURRENT_PROJECT_VERSION = 1;
				GENERATE_INFOPLIST_FILE = YES;
				MARKETING_VERSION = 1.0;
				PRODUCT_BUNDLE_IDENTIFIER = com.rebonnte.MediStockUITests;
				PRODUCT_NAME = "$(TARGET_NAME)";
				SWIFT_EMIT_LOC_STRINGS = NO;
				SWIFT_VERSION = 5.0;
				TARGETED_DEVICE_FAMILY = "1,2";
				TEST_TARGET_NAME = MediStock;
			};
			name = Release;
		};
/* End XCBuildConfiguration section */

/* Begin XCConfigurationList section */
		53E0D88E2C06084700DE1134 /* Build configuration list for PBXProject "MediStock" */ = {
			isa = XCConfigurationList;
			buildConfigurations = (
				53E0D8B52C06084900DE1134 /* Debug */,
				53E0D8B62C06084900DE1134 /* Release */,
			);
			defaultConfigurationIsVisible = 0;
			defaultConfigurationName = Release;
		};
		53E0D8B72C06084900DE1134 /* Build configuration list for PBXNativeTarget "MediStock" */ = {
			isa = XCConfigurationList;
			buildConfigurations = (
				53E0D8B82C06084900DE1134 /* Debug */,
				53E0D8B92C06084900DE1134 /* Release */,
			);
			defaultConfigurationIsVisible = 0;
			defaultConfigurationName = Release;
		};
		53E0D8BA2C06084900DE1134 /* Build configuration list for PBXNativeTarget "MediStockTests" */ = {
			isa = XCConfigurationList;
			buildConfigurations = (
				53E0D8BB2C06084900DE1134 /* Debug */,
				53E0D8BC2C06084900DE1134 /* Release */,
			);
			defaultConfigurationIsVisible = 0;
			defaultConfigurationName = Release;
		};
		53E0D8BD2C06084900DE1134 /* Build configuration list for PBXNativeTarget "MediStockUITests" */ = {
			isa = XCConfigurationList;
			buildConfigurations = (
				53E0D8BE2C06084900DE1134 /* Debug */,
				53E0D8BF2C06084900DE1134 /* Release */,
			);
			defaultConfigurationIsVisible = 0;
			defaultConfigurationName = Release;
		};
/* End XCConfigurationList section */

/* Begin XCRemoteSwiftPackageReference section */
		D0C3DC572E1A9E0B008D94A7 /* XCRemoteSwiftPackageReference "firebase-ios-sdk" */ = {
			isa = XCRemoteSwiftPackageReference;
			repositoryURL = "https://github.com/firebase/firebase-ios-sdk.git";
			requirement = {
				kind = upToNextMajorVersion;
				minimumVersion = 11.15.0;
			};
		};
/* End XCRemoteSwiftPackageReference section */

/* Begin XCSwiftPackageProductDependency section */
		D0C3DBD22E1A6CD8008D94A7 /* FirebaseFunctions */ = {
			isa = XCSwiftPackageProductDependency;
			productName = FirebaseFunctions;
		};
		D0C3DC582E1A9E0B008D94A7 /* FirebaseAnalytics */ = {
			isa = XCSwiftPackageProductDependency;
			package = D0C3DC572E1A9E0B008D94A7 /* XCRemoteSwiftPackageReference "firebase-ios-sdk" */;
			productName = FirebaseAnalytics;
		};
		D0C3DC5A2E1A9E0B008D94A7 /* FirebaseAuth */ = {
			isa = XCSwiftPackageProductDependency;
			package = D0C3DC572E1A9E0B008D94A7 /* XCRemoteSwiftPackageReference "firebase-ios-sdk" */;
			productName = FirebaseAuth;
		};
		D0C3DC5C2E1A9E0B008D94A7 /* FirebaseAuthCombine-Community */ = {
			isa = XCSwiftPackageProductDependency;
			package = D0C3DC572E1A9E0B008D94A7 /* XCRemoteSwiftPackageReference "firebase-ios-sdk" */;
			productName = "FirebaseAuthCombine-Community";
		};
		D0C3DC5E2E1A9E0B008D94A7 /* FirebaseCore */ = {
			isa = XCSwiftPackageProductDependency;
			package = D0C3DC572E1A9E0B008D94A7 /* XCRemoteSwiftPackageReference "firebase-ios-sdk" */;
			productName = FirebaseCore;
		};
		D0C3DC602E1A9E0B008D94A7 /* FirebaseDatabase */ = {
			isa = XCSwiftPackageProductDependency;
			package = D0C3DC572E1A9E0B008D94A7 /* XCRemoteSwiftPackageReference "firebase-ios-sdk" */;
			productName = FirebaseDatabase;
		};
		D0C3DC622E1A9E0B008D94A7 /* FirebaseFirestore */ = {
			isa = XCSwiftPackageProductDependency;
			package = D0C3DC572E1A9E0B008D94A7 /* XCRemoteSwiftPackageReference "firebase-ios-sdk" */;
			productName = FirebaseFirestore;
		};
		D0C3DC642E1A9E0B008D94A7 /* FirebaseFirestoreCombine-Community */ = {
			isa = XCSwiftPackageProductDependency;
			package = D0C3DC572E1A9E0B008D94A7 /* XCRemoteSwiftPackageReference "firebase-ios-sdk" */;
			productName = "FirebaseFirestoreCombine-Community";
		};
		D0C3DC662E1A9E0B008D94A7 /* FirebaseFunctions */ = {
			isa = XCSwiftPackageProductDependency;
			package = D0C3DC572E1A9E0B008D94A7 /* XCRemoteSwiftPackageReference "firebase-ios-sdk" */;
			productName = FirebaseFunctions;
		};
		D0C3DC682E1A9E0B008D94A7 /* FirebaseInstallations */ = {
			isa = XCSwiftPackageProductDependency;
			package = D0C3DC572E1A9E0B008D94A7 /* XCRemoteSwiftPackageReference "firebase-ios-sdk" */;
			productName = FirebaseInstallations;
		};
		D0C3DC6A2E1A9E0B008D94A7 /* FirebasePerformance */ = {
			isa = XCSwiftPackageProductDependency;
			package = D0C3DC572E1A9E0B008D94A7 /* XCRemoteSwiftPackageReference "firebase-ios-sdk" */;
			productName = FirebasePerformance;
		};
		D0C3DC6C2E1A9E0B008D94A7 /* FirebaseStorage */ = {
			isa = XCSwiftPackageProductDependency;
			package = D0C3DC572E1A9E0B008D94A7 /* XCRemoteSwiftPackageReference "firebase-ios-sdk" */;
			productName = FirebaseStorage;
		};
		D0C3DC6E2E1A9E0B008D94A7 /* FirebaseStorageCombine-Community */ = {
			isa = XCSwiftPackageProductDependency;
			package = D0C3DC572E1A9E0B008D94A7 /* XCRemoteSwiftPackageReference "firebase-ios-sdk" */;
			productName = "FirebaseStorageCombine-Community";
		};
/* End XCSwiftPackageProductDependency section */
	};
	rootObject = 53E0D88B2C06084700DE1134 /* Project object */;
}
